
Microsoft Visual Studio Solution File, Format Version 10.00
# Visual Studio 2008
Project("{8BC9CEB8-8B4A-11D0-8D11-00A0C91BC942}") = "tinySAK", "..\tinySAK\tinySAK.vcproj", "{6BC9B796-10C6-4CF7-A6E4-E2DACCDA84DA}"
EndProject
Project("{8BC9CEB8-8B4A-11D0-8D11-00A0C91BC942}") = "tinyIPSec", "tinyIPSec.vcproj", "{002FF064-588F-402E-A096-C8D033F49F40}"
	ProjectSection(ProjectDependencies) = postProject
		{6BC9B796-10C6-4CF7-A6E4-E2DACCDA84DA} = {6BC9B796-10C6-4CF7-A6E4-E2DACCDA84DA}
	EndProjectSection
EndProject
Project("{8BC9CEB8-8B4A-11D0-8D11-00A0C91BC942}") = "test", "test\test.vcproj", "{E40FEB1F-BE85-488D-BCBE-89668F6EBBF7}"
	ProjectSection(ProjectDependencies) = postProject
		{002FF064-588F-402E-A096-C8D033F49F40} = {002FF064-588F-402E-A096-C8D033F49F40}
		{6BC9B796-10C6-4CF7-A6E4-E2DACCDA84DA} = {6BC9B796-10C6-4CF7-A6E4-E2DACCDA84DA}
		{AAD0B2B5-8D8C-4DE0-BB20-1AB6CFAA617D} = {AAD0B2B5-8D8C-4DE0-BB20-1AB6CFAA617D}
	EndProjectSection
EndProject
Project("{2150E333-8FDC-42A3-9474-1A3956D46DE8}") = "plugins", "plugins", "{C912B38F-CF43-4E66-BC61-A2475663BB31}"
EndProject
Project("{8BC9CEB8-8B4A-11D0-8D11-00A0C91BC942}") = "pluginWinIPSecVista", "..\plugins\pluginWinIPSecVista\pluginWinIPSecVista.vcproj", "{AAD0B2B5-8D8C-4DE0-BB20-1AB6CFAA617D}"
	ProjectSection(ProjectDependencies) = postProject
		{002FF064-588F-402E-A096-C8D033F49F40} = {002FF064-588F-402E-A096-C8D033F49F40}
		{6BC9B796-10C6-4CF7-A6E4-E2DACCDA84DA} = {6BC9B796-10C6-4CF7-A6E4-E2DACCDA84DA}
	EndProjectSection
EndProject
Global
	GlobalSection(SolutionConfigurationPlatforms) = preSolution
		Debug|Win32 = Debug|Win32
		Debug|Windows Mobile 5.0 Pocket PC SDK (ARMV4I) = Debug|Windows Mobile 5.0 Pocket PC SDK (ARMV4I)
		Release|Win32 = Release|Win32
		Release|Windows Mobile 5.0 Pocket PC SDK (ARMV4I) = Release|Windows Mobile 5.0 Pocket PC SDK (ARMV4I)
	EndGlobalSection
	GlobalSection(ProjectConfigurationPlatforms) = postSolution
		{6BC9B796-10C6-4CF7-A6E4-E2DACCDA84DA}.Debug|Win32.ActiveCfg = Debug|Win32
		{6BC9B796-10C6-4CF7-A6E4-E2DACCDA84DA}.Debug|Win32.Build.0 = Debug|Win32
		{6BC9B796-10C6-4CF7-A6E4-E2DACCDA84DA}.Debug|Windows Mobile 5.0 Pocket PC SDK (ARMV4I).ActiveCfg = Debug|Windows Mobile 5.0 Pocket PC SDK (ARMV4I)
		{6BC9B796-10C6-4CF7-A6E4-E2DACCDA84DA}.Debug|Windows Mobile 5.0 Pocket PC SDK (ARMV4I).Build.0 = Debug|Windows Mobile 5.0 Pocket PC SDK (ARMV4I)
		{6BC9B796-10C6-4CF7-A6E4-E2DACCDA84DA}.Debug|Windows Mobile 5.0 Pocket PC SDK (ARMV4I).Deploy.0 = Debug|Windows Mobile 5.0 Pocket PC SDK (ARMV4I)
		{6BC9B796-10C6-4CF7-A6E4-E2DACCDA84DA}.Release|Win32.ActiveCfg = Release|Win32
		{6BC9B796-10C6-4CF7-A6E4-E2DACCDA84DA}.Release|Win32.Build.0 = Release|Win32
		{6BC9B796-10C6-4CF7-A6E4-E2DACCDA84DA}.Release|Windows Mobile 5.0 Pocket PC SDK (ARMV4I).ActiveCfg = Release|Windows Mobile 5.0 Pocket PC SDK (ARMV4I)
		{6BC9B796-10C6-4CF7-A6E4-E2DACCDA84DA}.Release|Windows Mobile 5.0 Pocket PC SDK (ARMV4I).Build.0 = Release|Windows Mobile 5.0 Pocket PC SDK (ARMV4I)
		{6BC9B796-10C6-4CF7-A6E4-E2DACCDA84DA}.Release|Windows Mobile 5.0 Pocket PC SDK (ARMV4I).Deploy.0 = Release|Windows Mobile 5.0 Pocket PC SDK (ARMV4I)
		{002FF064-588F-402E-A096-C8D033F49F40}.Debug|Win32.ActiveCfg = Debug|Win32
		{002FF064-588F-402E-A096-C8D033F49F40}.Debug|Win32.Build.0 = Debug|Win32
		{002FF064-588F-402E-A096-C8D033F49F40}.Debug|Windows Mobile 5.0 Pocket PC SDK (ARMV4I).ActiveCfg = Debug|Win32
		{002FF064-588F-402E-A096-C8D033F49F40}.Release|Win32.ActiveCfg = Release|Win32
		{002FF064-588F-402E-A096-C8D033F49F40}.Release|Win32.Build.0 = Release|Win32
		{002FF064-588F-402E-A096-C8D033F49F40}.Release|Windows Mobile 5.0 Pocket PC SDK (ARMV4I).ActiveCfg = Release|Win32
		{E40FEB1F-BE85-488D-BCBE-89668F6EBBF7}.Debug|Win32.ActiveCfg = Debug|Win32
		{E40FEB1F-BE85-488D-BCBE-89668F6EBBF7}.Debug|Win32.Build.0 = Debug|Win32
		{E40FEB1F-BE85-488D-BCBE-89668F6EBBF7}.Debug|Windows Mobile 5.0 Pocket PC SDK (ARMV4I).ActiveCfg = Debug|Win32
		{E40FEB1F-BE85-488D-BCBE-89668F6EBBF7}.Release|Win32.ActiveCfg = Release|Win32
		{E40FEB1F-BE85-488D-BCBE-89668F6EBBF7}.Release|Win32.Build.0 = Release|Win32
		{E40FEB1F-BE85-488D-BCBE-89668F6EBBF7}.Release|Windows Mobile 5.0 Pocket PC SDK (ARMV4I).ActiveCfg = Release|Win32
		{AAD0B2B5-8D8C-4DE0-BB20-1AB6CFAA617D}.Debug|Win32.ActiveCfg = Debug|Win32
		{AAD0B2B5-8D8C-4DE0-BB20-1AB6CFAA617D}.Debug|Win32.Build.0 = Debug|Win32
		{AAD0B2B5-8D8C-4DE0-BB20-1AB6CFAA617D}.Debug|Windows Mobile 5.0 Pocket PC SDK (ARMV4I).ActiveCfg = Debug|Win32
		{AAD0B2B5-8D8C-4DE0-BB20-1AB6CFAA617D}.Release|Win32.ActiveCfg = Release|Win32
		{AAD0B2B5-8D8C-4DE0-BB20-1AB6CFAA617D}.Release|Win32.Build.0 = Release|Win32
		{AAD0B2B5-8D8C-4DE0-BB20-1AB6CFAA617D}.Release|Windows Mobile 5.0 Pocket PC SDK (ARMV4I).ActiveCfg = Release|Win32
	EndGlobalSection
	GlobalSection(SolutionProperties) = preSolution
		HideSolutionNode = FALSE
	EndGlobalSection
	GlobalSection(NestedProjects) = preSolution
		{AAD0B2B5-8D8C-4DE0-BB20-1AB6CFAA617D} = {C912B38F-CF43-4E66-BC61-A2475663BB31}
	EndGlobalSection
EndGlobal
