
Microsoft Visual Studio Solution File, Format Version 10.00
# Visual Studio 2008
Project("{8BC9CEB8-8B4A-11D0-8D11-00A0C91BC942}") = "tinyXCAP", "tinyXCAP.vcproj", "{570CF33D-E65F-448F-8AC2-F9AE2F23152F}"
EndProject
Project("{8BC9CEB8-8B4A-11D0-8D11-00A0C91BC942}") = "tinySAK", "..\tinySAK\tinySAK.vcproj", "{6BC9B796-10C6-4CF7-A6E4-E2DACCDA84DA}"
EndProject
Project("{8BC9CEB8-8B4A-11D0-8D11-00A0C91BC942}") = "test", "test\test.vcproj", "{2A476CAA-BA45-4379-AFEC-088645840527}"
EndProject
Project("{8BC9CEB8-8B4A-11D0-8D11-00A0C91BC942}") = "tinyHTTP", "..\tinyHTTP\tinyHTTP.vcproj", "{B3E45009-C7C3-4090-837C-2D30C9058443}"
EndProject
Project("{8BC9CEB8-8B4A-11D0-8D11-00A0C91BC942}") = "tinyNET", "..\tinyNET\tinyNET.vcproj", "{7522A458-92F4-4259-B906-E84C2A65D9F1}"
EndProject
Global
	GlobalSection(SolutionConfigurationPlatforms) = preSolution
		Debug|Win32 = Debug|Win32
		Debug|Windows Mobile 5.0 Pocket PC SDK (ARMV4I) = Debug|Windows Mobile 5.0 Pocket PC SDK (ARMV4I)
		Release|Win32 = Release|Win32
		Release|Windows Mobile 5.0 Pocket PC SDK (ARMV4I) = Release|Windows Mobile 5.0 Pocket PC SDK (ARMV4I)
	EndGlobalSection
	GlobalSection(ProjectConfigurationPlatforms) = postSolution
		{570CF33D-E65F-448F-8AC2-F9AE2F23152F}.Debug|Win32.ActiveCfg = Debug|Win32
		{570CF33D-E65F-448F-8AC2-F9AE2F23152F}.Debug|Win32.Build.0 = Debug|Win32
		{570CF33D-E65F-448F-8AC2-F9AE2F23152F}.Debug|Windows Mobile 5.0 Pocket PC SDK (ARMV4I).ActiveCfg = Debug|Win32
		{570CF33D-E65F-448F-8AC2-F9AE2F23152F}.Release|Win32.ActiveCfg = Release|Win32
		{570CF33D-E65F-448F-8AC2-F9AE2F23152F}.Release|Win32.Build.0 = Release|Win32
		{570CF33D-E65F-448F-8AC2-F9AE2F23152F}.Release|Windows Mobile 5.0 Pocket PC SDK (ARMV4I).ActiveCfg = Release|Win32
		{6BC9B796-10C6-4CF7-A6E4-E2DACCDA84DA}.Debug|Win32.ActiveCfg = Debug|Win32
		{6BC9B796-10C6-4CF7-A6E4-E2DACCDA84DA}.Debug|Win32.Build.0 = Debug|Win32
		{6BC9B796-10C6-4CF7-A6E4-E2DACCDA84DA}.Debug|Windows Mobile 5.0 Pocket PC SDK (ARMV4I).ActiveCfg = Debug|Windows Mobile 5.0 Pocket PC SDK (ARMV4I)
		{6BC9B796-10C6-4CF7-A6E4-E2DACCDA84DA}.Debug|Windows Mobile 5.0 Pocket PC SDK (ARMV4I).Build.0 = Debug|Windows Mobile 5.0 Pocket PC SDK (ARMV4I)
		{6BC9B796-10C6-4CF7-A6E4-E2DACCDA84DA}.Debug|Windows Mobile 5.0 Pocket PC SDK (ARMV4I).Deploy.0 = Debug|Windows Mobile 5.0 Pocket PC SDK (ARMV4I)
		{6BC9B796-10C6-4CF7-A6E4-E2DACCDA84DA}.Release|Win32.ActiveCfg = Release|Win32
		{6BC9B796-10C6-4CF7-A6E4-E2DACCDA84DA}.Release|Win32.Build.0 = Release|Win32
		{6BC9B796-10C6-4CF7-A6E4-E2DACCDA84DA}.Release|Windows Mobile 5.0 Pocket PC SDK (ARMV4I).ActiveCfg = Release|Windows Mobile 5.0 Pocket PC SDK (ARMV4I)
		{6BC9B796-10C6-4CF7-A6E4-E2DACCDA84DA}.Release|Windows Mobile 5.0 Pocket PC SDK (ARMV4I).Build.0 = Release|Windows Mobile 5.0 Pocket PC SDK (ARMV4I)
		{6BC9B796-10C6-4CF7-A6E4-E2DACCDA84DA}.Release|Windows Mobile 5.0 Pocket PC SDK (ARMV4I).Deploy.0 = Release|Windows Mobile 5.0 Pocket PC SDK (ARMV4I)
		{2A476CAA-BA45-4379-AFEC-088645840527}.Debug|Win32.ActiveCfg = Debug|Win32
		{2A476CAA-BA45-4379-AFEC-088645840527}.Debug|Win32.Build.0 = Debug|Win32
		{2A476CAA-BA45-4379-AFEC-088645840527}.Debug|Windows Mobile 5.0 Pocket PC SDK (ARMV4I).ActiveCfg = Debug|Windows Mobile 5.0 Pocket PC SDK (ARMV4I)
		{2A476CAA-BA45-4379-AFEC-088645840527}.Debug|Windows Mobile 5.0 Pocket PC SDK (ARMV4I).Build.0 = Debug|Windows Mobile 5.0 Pocket PC SDK (ARMV4I)
		{2A476CAA-BA45-4379-AFEC-088645840527}.Debug|Windows Mobile 5.0 Pocket PC SDK (ARMV4I).Deploy.0 = Debug|Windows Mobile 5.0 Pocket PC SDK (ARMV4I)
		{2A476CAA-BA45-4379-AFEC-088645840527}.Release|Win32.ActiveCfg = Release|Win32
		{2A476CAA-BA45-4379-AFEC-088645840527}.Release|Win32.Build.0 = Release|Win32
		{2A476CAA-BA45-4379-AFEC-088645840527}.Release|Windows Mobile 5.0 Pocket PC SDK (ARMV4I).ActiveCfg = Release|Windows Mobile 5.0 Pocket PC SDK (ARMV4I)
		{2A476CAA-BA45-4379-AFEC-088645840527}.Release|Windows Mobile 5.0 Pocket PC SDK (ARMV4I).Build.0 = Release|Windows Mobile 5.0 Pocket PC SDK (ARMV4I)
		{2A476CAA-BA45-4379-AFEC-088645840527}.Release|Windows Mobile 5.0 Pocket PC SDK (ARMV4I).Deploy.0 = Release|Windows Mobile 5.0 Pocket PC SDK (ARMV4I)
		{B3E45009-C7C3-4090-837C-2D30C9058443}.Debug|Win32.ActiveCfg = Debug|Win32
		{B3E45009-C7C3-4090-837C-2D30C9058443}.Debug|Win32.Build.0 = Debug|Win32
		{B3E45009-C7C3-4090-837C-2D30C9058443}.Debug|Windows Mobile 5.0 Pocket PC SDK (ARMV4I).ActiveCfg = Debug|Windows Mobile 5.0 Pocket PC SDK (ARMV4I)
		{B3E45009-C7C3-4090-837C-2D30C9058443}.Debug|Windows Mobile 5.0 Pocket PC SDK (ARMV4I).Build.0 = Debug|Windows Mobile 5.0 Pocket PC SDK (ARMV4I)
		{B3E45009-C7C3-4090-837C-2D30C9058443}.Debug|Windows Mobile 5.0 Pocket PC SDK (ARMV4I).Deploy.0 = Debug|Windows Mobile 5.0 Pocket PC SDK (ARMV4I)
		{B3E45009-C7C3-4090-837C-2D30C9058443}.Release|Win32.ActiveCfg = Release|Win32
		{B3E45009-C7C3-4090-837C-2D30C9058443}.Release|Win32.Build.0 = Release|Win32
		{B3E45009-C7C3-4090-837C-2D30C9058443}.Release|Windows Mobile 5.0 Pocket PC SDK (ARMV4I).ActiveCfg = Release|Windows Mobile 5.0 Pocket PC SDK (ARMV4I)
		{B3E45009-C7C3-4090-837C-2D30C9058443}.Release|Windows Mobile 5.0 Pocket PC SDK (ARMV4I).Build.0 = Release|Windows Mobile 5.0 Pocket PC SDK (ARMV4I)
		{B3E45009-C7C3-4090-837C-2D30C9058443}.Release|Windows Mobile 5.0 Pocket PC SDK (ARMV4I).Deploy.0 = Release|Windows Mobile 5.0 Pocket PC SDK (ARMV4I)
		{7522A458-92F4-4259-B906-E84C2A65D9F1}.Debug|Win32.ActiveCfg = Debug|Win32
		{7522A458-92F4-4259-B906-E84C2A65D9F1}.Debug|Win32.Build.0 = Debug|Win32
		{7522A458-92F4-4259-B906-E84C2A65D9F1}.Debug|Windows Mobile 5.0 Pocket PC SDK (ARMV4I).ActiveCfg = Debug|Windows Mobile 5.0 Pocket PC SDK (ARMV4I)
		{7522A458-92F4-4259-B906-E84C2A65D9F1}.Debug|Windows Mobile 5.0 Pocket PC SDK (ARMV4I).Build.0 = Debug|Windows Mobile 5.0 Pocket PC SDK (ARMV4I)
		{7522A458-92F4-4259-B906-E84C2A65D9F1}.Debug|Windows Mobile 5.0 Pocket PC SDK (ARMV4I).Deploy.0 = Debug|Windows Mobile 5.0 Pocket PC SDK (ARMV4I)
		{7522A458-92F4-4259-B906-E84C2A65D9F1}.Release|Win32.ActiveCfg = Release|Win32
		{7522A458-92F4-4259-B906-E84C2A65D9F1}.Release|Win32.Build.0 = Release|Win32
		{7522A458-92F4-4259-B906-E84C2A65D9F1}.Release|Windows Mobile 5.0 Pocket PC SDK (ARMV4I).ActiveCfg = Release|Windows Mobile 5.0 Pocket PC SDK (ARMV4I)
		{7522A458-92F4-4259-B906-E84C2A65D9F1}.Release|Windows Mobile 5.0 Pocket PC SDK (ARMV4I).Build.0 = Release|Windows Mobile 5.0 Pocket PC SDK (ARMV4I)
		{7522A458-92F4-4259-B906-E84C2A65D9F1}.Release|Windows Mobile 5.0 Pocket PC SDK (ARMV4I).Deploy.0 = Release|Windows Mobile 5.0 Pocket PC SDK (ARMV4I)
	EndGlobalSection
	GlobalSection(SolutionProperties) = preSolution
		HideSolutionNode = FALSE
	EndGlobalSection
EndGlobal
