
Microsoft Visual Studio Solution File, Format Version 12.00
# Visual Studio 14
VisualStudioVersion = 14.0.25420.1
MinimumVisualStudioVersion = 10.0.40219.1
Project("{8BC9CEB8-8B4A-11D0-8D11-00A0C91BC942}") = "tinyWRAP", "tinyWRAP.vcxproj", "{BF8C64BB-98BE-45D6-9206-E13EB10ACE91}"
EndProject
Project("{8BC9CEB8-8B4A-11D0-8D11-00A0C91BC942}") = "tinySAK", "..\..\tinySAK\vs_android\tinySAK.vcxproj", "{7E14FE0D-96C7-4370-9E38-258A90DF2234}"
EndProject
Project("{8BC9CEB8-8B4A-11D0-8D11-00A0C91BC942}") = "tinyNET", "..\..\tinyNET\vs_android\tinyNET.vcxproj", "{5A74FC21-CD4E-49E9-B9F5-9794B9FEB72B}"
EndProject
Project("{8BC9CEB8-8B4A-11D0-8D11-00A0C91BC942}") = "tinySDP", "..\..\tinySDP\vs_android\tinySDP.vcxproj", "{982B7364-C42F-42A8-96A1-247DFD54B0BE}"
EndProject
Project("{8BC9CEB8-8B4A-11D0-8D11-00A0C91BC942}") = "tinySIGCOMP", "..\..\tinySIGCOMP\vs_android\tinySIGCOMP.vcxproj", "{670CF2AA-0D60-4A5E-AEFD-191D5C99C764}"
EndProject
Project("{8BC9CEB8-8B4A-11D0-8D11-00A0C91BC942}") = "tinySMS", "..\..\tinySMS\vs_android\tinySMS.vcxproj", "{E3DB3F8B-3492-47D6-96CB-217F7AD082DD}"
EndProject
Project("{8BC9CEB8-8B4A-11D0-8D11-00A0C91BC942}") = "tinyIPSec", "..\..\tinyIPSec\vs_android\tinyIPSec.vcxproj", "{A715CFED-CEF5-4EA3-8693-89DFF4074019}"
EndProject
Project("{8BC9CEB8-8B4A-11D0-8D11-00A0C91BC942}") = "tinyBFCP", "..\..\tinyBFCP\vs_android\tinyBFCP.vcxproj", "{70693F00-3CDC-4E07-94E2-D4DB50378C2C}"
EndProject
Project("{8BC9CEB8-8B4A-11D0-8D11-00A0C91BC942}") = "tinyXCAP", "..\..\tinyXCAP\vs_android\tinyXCAP.vcxproj", "{CEB82E43-4D2B-4D17-B607-4DF13ABF51C9}"
EndProject
Project("{8BC9CEB8-8B4A-11D0-8D11-00A0C91BC942}") = "tinyHTTP", "..\..\tinyHTTP\vs_android\tinyHTTP.vcxproj", "{53C2473E-5F45-4A9C-BF5E-38A6B8120963}"
EndProject
Project("{8BC9CEB8-8B4A-11D0-8D11-00A0C91BC942}") = "tinyMEDIA", "..\..\tinyMEDIA\vs_android\tinyMEDIA.vcxproj", "{06C44C32-30E6-47B8-AA88-83DFA328AD2A}"
EndProject
Project("{8BC9CEB8-8B4A-11D0-8D11-00A0C91BC942}") = "tinyMSRP", "..\..\tinyMSRP\vs_android\tinyMSRP.vcxproj", "{9949FCA3-FBD4-4E39-A323-FA0172CC5A1D}"
EndProject
Project("{8BC9CEB8-8B4A-11D0-8D11-00A0C91BC942}") = "tinyRTP", "..\..\tinyRTP\vs_android\tinyRTP.vcxproj", "{0A016127-3082-423D-9A35-926C615BF62B}"
EndProject
Project("{8BC9CEB8-8B4A-11D0-8D11-00A0C91BC942}") = "tinyDAV", "..\..\tinyDAV\vs_android\tinyDAV.vcxproj", "{38FA1286-A1D4-43D5-B36A-7FEE178E4FC8}"
EndProject
Project("{8BC9CEB8-8B4A-11D0-8D11-00A0C91BC942}") = "tinySIP", "..\..\tinySIP\vs_android\tinySIP.vcxproj", "{19511869-F964-4412-95C6-638509323D2A}"
EndProject
Global
	GlobalSection(SolutionConfigurationPlatforms) = preSolution
		Debug|ARM = Debug|ARM
		Debug|ARM64 = Debug|ARM64
		Debug|x64 = Debug|x64
		Debug|x86 = Debug|x86
		Release|ARM = Release|ARM
		Release|ARM64 = Release|ARM64
		Release|x64 = Release|x64
		Release|x86 = Release|x86
	EndGlobalSection
	GlobalSection(ProjectConfigurationPlatforms) = postSolution
		{BF8C64BB-98BE-45D6-9206-E13EB10ACE91}.Debug|ARM.ActiveCfg = Debug|ARM
		{BF8C64BB-98BE-45D6-9206-E13EB10ACE91}.Debug|ARM.Build.0 = Debug|ARM
		{BF8C64BB-98BE-45D6-9206-E13EB10ACE91}.Debug|ARM64.ActiveCfg = Debug|ARM64
		{BF8C64BB-98BE-45D6-9206-E13EB10ACE91}.Debug|ARM64.Build.0 = Debug|ARM64
		{BF8C64BB-98BE-45D6-9206-E13EB10ACE91}.Debug|x64.ActiveCfg = Debug|x64
		{BF8C64BB-98BE-45D6-9206-E13EB10ACE91}.Debug|x64.Build.0 = Debug|x64
		{BF8C64BB-98BE-45D6-9206-E13EB10ACE91}.Debug|x86.ActiveCfg = Debug|x86
		{BF8C64BB-98BE-45D6-9206-E13EB10ACE91}.Debug|x86.Build.0 = Debug|x86
		{BF8C64BB-98BE-45D6-9206-E13EB10ACE91}.Release|ARM.ActiveCfg = Release|ARM
		{BF8C64BB-98BE-45D6-9206-E13EB10ACE91}.Release|ARM.Build.0 = Release|ARM
		{BF8C64BB-98BE-45D6-9206-E13EB10ACE91}.Release|ARM64.ActiveCfg = Release|ARM64
		{BF8C64BB-98BE-45D6-9206-E13EB10ACE91}.Release|ARM64.Build.0 = Release|ARM64
		{BF8C64BB-98BE-45D6-9206-E13EB10ACE91}.Release|x64.ActiveCfg = Release|x64
		{BF8C64BB-98BE-45D6-9206-E13EB10ACE91}.Release|x64.Build.0 = Release|x64
		{BF8C64BB-98BE-45D6-9206-E13EB10ACE91}.Release|x86.ActiveCfg = Release|x86
		{BF8C64BB-98BE-45D6-9206-E13EB10ACE91}.Release|x86.Build.0 = Release|x86
		{7E14FE0D-96C7-4370-9E38-258A90DF2234}.Debug|ARM.ActiveCfg = Debug|ARM
		{7E14FE0D-96C7-4370-9E38-258A90DF2234}.Debug|ARM.Build.0 = Debug|ARM
		{7E14FE0D-96C7-4370-9E38-258A90DF2234}.Debug|ARM64.ActiveCfg = Debug|ARM64
		{7E14FE0D-96C7-4370-9E38-258A90DF2234}.Debug|ARM64.Build.0 = Debug|ARM64
		{7E14FE0D-96C7-4370-9E38-258A90DF2234}.Debug|x64.ActiveCfg = Debug|x64
		{7E14FE0D-96C7-4370-9E38-258A90DF2234}.Debug|x64.Build.0 = Debug|x64
		{7E14FE0D-96C7-4370-9E38-258A90DF2234}.Debug|x86.ActiveCfg = Debug|x86
		{7E14FE0D-96C7-4370-9E38-258A90DF2234}.Debug|x86.Build.0 = Debug|x86
		{7E14FE0D-96C7-4370-9E38-258A90DF2234}.Release|ARM.ActiveCfg = Release|ARM
		{7E14FE0D-96C7-4370-9E38-258A90DF2234}.Release|ARM.Build.0 = Release|ARM
		{7E14FE0D-96C7-4370-9E38-258A90DF2234}.Release|ARM64.ActiveCfg = Release|ARM64
		{7E14FE0D-96C7-4370-9E38-258A90DF2234}.Release|ARM64.Build.0 = Release|ARM64
		{7E14FE0D-96C7-4370-9E38-258A90DF2234}.Release|x64.ActiveCfg = Release|x64
		{7E14FE0D-96C7-4370-9E38-258A90DF2234}.Release|x64.Build.0 = Release|x64
		{7E14FE0D-96C7-4370-9E38-258A90DF2234}.Release|x86.ActiveCfg = Release|x86
		{7E14FE0D-96C7-4370-9E38-258A90DF2234}.Release|x86.Build.0 = Release|x86
		{5A74FC21-CD4E-49E9-B9F5-9794B9FEB72B}.Debug|ARM.ActiveCfg = Debug|ARM
		{5A74FC21-CD4E-49E9-B9F5-9794B9FEB72B}.Debug|ARM.Build.0 = Debug|ARM
		{5A74FC21-CD4E-49E9-B9F5-9794B9FEB72B}.Debug|ARM64.ActiveCfg = Debug|ARM64
		{5A74FC21-CD4E-49E9-B9F5-9794B9FEB72B}.Debug|ARM64.Build.0 = Debug|ARM64
		{5A74FC21-CD4E-49E9-B9F5-9794B9FEB72B}.Debug|x64.ActiveCfg = Debug|x64
		{5A74FC21-CD4E-49E9-B9F5-9794B9FEB72B}.Debug|x64.Build.0 = Debug|x64
		{5A74FC21-CD4E-49E9-B9F5-9794B9FEB72B}.Debug|x86.ActiveCfg = Debug|x86
		{5A74FC21-CD4E-49E9-B9F5-9794B9FEB72B}.Debug|x86.Build.0 = Debug|x86
		{5A74FC21-CD4E-49E9-B9F5-9794B9FEB72B}.Release|ARM.ActiveCfg = Release|ARM
		{5A74FC21-CD4E-49E9-B9F5-9794B9FEB72B}.Release|ARM.Build.0 = Release|ARM
		{5A74FC21-CD4E-49E9-B9F5-9794B9FEB72B}.Release|ARM64.ActiveCfg = Release|ARM64
		{5A74FC21-CD4E-49E9-B9F5-9794B9FEB72B}.Release|ARM64.Build.0 = Release|ARM64
		{5A74FC21-CD4E-49E9-B9F5-9794B9FEB72B}.Release|x64.ActiveCfg = Release|x64
		{5A74FC21-CD4E-49E9-B9F5-9794B9FEB72B}.Release|x64.Build.0 = Release|x64
		{5A74FC21-CD4E-49E9-B9F5-9794B9FEB72B}.Release|x86.ActiveCfg = Release|x86
		{5A74FC21-CD4E-49E9-B9F5-9794B9FEB72B}.Release|x86.Build.0 = Release|x86
		{982B7364-C42F-42A8-96A1-247DFD54B0BE}.Debug|ARM.ActiveCfg = Debug|ARM
		{982B7364-C42F-42A8-96A1-247DFD54B0BE}.Debug|ARM.Build.0 = Debug|ARM
		{982B7364-C42F-42A8-96A1-247DFD54B0BE}.Debug|ARM64.ActiveCfg = Debug|ARM64
		{982B7364-C42F-42A8-96A1-247DFD54B0BE}.Debug|ARM64.Build.0 = Debug|ARM64
		{982B7364-C42F-42A8-96A1-247DFD54B0BE}.Debug|x64.ActiveCfg = Debug|x64
		{982B7364-C42F-42A8-96A1-247DFD54B0BE}.Debug|x64.Build.0 = Debug|x64
		{982B7364-C42F-42A8-96A1-247DFD54B0BE}.Debug|x86.ActiveCfg = Debug|x86
		{982B7364-C42F-42A8-96A1-247DFD54B0BE}.Debug|x86.Build.0 = Debug|x86
		{982B7364-C42F-42A8-96A1-247DFD54B0BE}.Release|ARM.ActiveCfg = Release|ARM
		{982B7364-C42F-42A8-96A1-247DFD54B0BE}.Release|ARM.Build.0 = Release|ARM
		{982B7364-C42F-42A8-96A1-247DFD54B0BE}.Release|ARM64.ActiveCfg = Release|ARM64
		{982B7364-C42F-42A8-96A1-247DFD54B0BE}.Release|ARM64.Build.0 = Release|ARM64
		{982B7364-C42F-42A8-96A1-247DFD54B0BE}.Release|x64.ActiveCfg = Release|x64
		{982B7364-C42F-42A8-96A1-247DFD54B0BE}.Release|x64.Build.0 = Release|x64
		{982B7364-C42F-42A8-96A1-247DFD54B0BE}.Release|x86.ActiveCfg = Release|x86
		{982B7364-C42F-42A8-96A1-247DFD54B0BE}.Release|x86.Build.0 = Release|x86
		{670CF2AA-0D60-4A5E-AEFD-191D5C99C764}.Debug|ARM.ActiveCfg = Debug|ARM
		{670CF2AA-0D60-4A5E-AEFD-191D5C99C764}.Debug|ARM.Build.0 = Debug|ARM
		{670CF2AA-0D60-4A5E-AEFD-191D5C99C764}.Debug|ARM64.ActiveCfg = Debug|ARM64
		{670CF2AA-0D60-4A5E-AEFD-191D5C99C764}.Debug|ARM64.Build.0 = Debug|ARM64
		{670CF2AA-0D60-4A5E-AEFD-191D5C99C764}.Debug|x64.ActiveCfg = Debug|x64
		{670CF2AA-0D60-4A5E-AEFD-191D5C99C764}.Debug|x64.Build.0 = Debug|x64
		{670CF2AA-0D60-4A5E-AEFD-191D5C99C764}.Debug|x86.ActiveCfg = Debug|x86
		{670CF2AA-0D60-4A5E-AEFD-191D5C99C764}.Debug|x86.Build.0 = Debug|x86
		{670CF2AA-0D60-4A5E-AEFD-191D5C99C764}.Release|ARM.ActiveCfg = Release|ARM
		{670CF2AA-0D60-4A5E-AEFD-191D5C99C764}.Release|ARM.Build.0 = Release|ARM
		{670CF2AA-0D60-4A5E-AEFD-191D5C99C764}.Release|ARM64.ActiveCfg = Release|ARM64
		{670CF2AA-0D60-4A5E-AEFD-191D5C99C764}.Release|ARM64.Build.0 = Release|ARM64
		{670CF2AA-0D60-4A5E-AEFD-191D5C99C764}.Release|x64.ActiveCfg = Release|x64
		{670CF2AA-0D60-4A5E-AEFD-191D5C99C764}.Release|x64.Build.0 = Release|x64
		{670CF2AA-0D60-4A5E-AEFD-191D5C99C764}.Release|x86.ActiveCfg = Release|x86
		{670CF2AA-0D60-4A5E-AEFD-191D5C99C764}.Release|x86.Build.0 = Release|x86
		{E3DB3F8B-3492-47D6-96CB-217F7AD082DD}.Debug|ARM.ActiveCfg = Debug|ARM
		{E3DB3F8B-3492-47D6-96CB-217F7AD082DD}.Debug|ARM.Build.0 = Debug|ARM
		{E3DB3F8B-3492-47D6-96CB-217F7AD082DD}.Debug|ARM64.ActiveCfg = Debug|ARM64
		{E3DB3F8B-3492-47D6-96CB-217F7AD082DD}.Debug|ARM64.Build.0 = Debug|ARM64
		{E3DB3F8B-3492-47D6-96CB-217F7AD082DD}.Debug|x64.ActiveCfg = Debug|x64
		{E3DB3F8B-3492-47D6-96CB-217F7AD082DD}.Debug|x64.Build.0 = Debug|x64
		{E3DB3F8B-3492-47D6-96CB-217F7AD082DD}.Debug|x86.ActiveCfg = Debug|x86
		{E3DB3F8B-3492-47D6-96CB-217F7AD082DD}.Debug|x86.Build.0 = Debug|x86
		{E3DB3F8B-3492-47D6-96CB-217F7AD082DD}.Release|ARM.ActiveCfg = Release|ARM
		{E3DB3F8B-3492-47D6-96CB-217F7AD082DD}.Release|ARM.Build.0 = Release|ARM
		{E3DB3F8B-3492-47D6-96CB-217F7AD082DD}.Release|ARM64.ActiveCfg = Release|ARM64
		{E3DB3F8B-3492-47D6-96CB-217F7AD082DD}.Release|ARM64.Build.0 = Release|ARM64
		{E3DB3F8B-3492-47D6-96CB-217F7AD082DD}.Release|x64.ActiveCfg = Release|x64
		{E3DB3F8B-3492-47D6-96CB-217F7AD082DD}.Release|x64.Build.0 = Release|x64
		{E3DB3F8B-3492-47D6-96CB-217F7AD082DD}.Release|x86.ActiveCfg = Release|x86
		{E3DB3F8B-3492-47D6-96CB-217F7AD082DD}.Release|x86.Build.0 = Release|x86
		{A715CFED-CEF5-4EA3-8693-89DFF4074019}.Debug|ARM.ActiveCfg = Debug|ARM
		{A715CFED-CEF5-4EA3-8693-89DFF4074019}.Debug|ARM.Build.0 = Debug|ARM
		{A715CFED-CEF5-4EA3-8693-89DFF4074019}.Debug|ARM64.ActiveCfg = Debug|ARM64
		{A715CFED-CEF5-4EA3-8693-89DFF4074019}.Debug|ARM64.Build.0 = Debug|ARM64
		{A715CFED-CEF5-4EA3-8693-89DFF4074019}.Debug|x64.ActiveCfg = Debug|x64
		{A715CFED-CEF5-4EA3-8693-89DFF4074019}.Debug|x64.Build.0 = Debug|x64
		{A715CFED-CEF5-4EA3-8693-89DFF4074019}.Debug|x86.ActiveCfg = Debug|x86
		{A715CFED-CEF5-4EA3-8693-89DFF4074019}.Debug|x86.Build.0 = Debug|x86
		{A715CFED-CEF5-4EA3-8693-89DFF4074019}.Release|ARM.ActiveCfg = Release|ARM
		{A715CFED-CEF5-4EA3-8693-89DFF4074019}.Release|ARM.Build.0 = Release|ARM
		{A715CFED-CEF5-4EA3-8693-89DFF4074019}.Release|ARM64.ActiveCfg = Release|ARM64
		{A715CFED-CEF5-4EA3-8693-89DFF4074019}.Release|ARM64.Build.0 = Release|ARM64
		{A715CFED-CEF5-4EA3-8693-89DFF4074019}.Release|x64.ActiveCfg = Release|x64
		{A715CFED-CEF5-4EA3-8693-89DFF4074019}.Release|x64.Build.0 = Release|x64
		{A715CFED-CEF5-4EA3-8693-89DFF4074019}.Release|x86.ActiveCfg = Release|x86
		{A715CFED-CEF5-4EA3-8693-89DFF4074019}.Release|x86.Build.0 = Release|x86
		{70693F00-3CDC-4E07-94E2-D4DB50378C2C}.Debug|ARM.ActiveCfg = Debug|ARM
		{70693F00-3CDC-4E07-94E2-D4DB50378C2C}.Debug|ARM.Build.0 = Debug|ARM
		{70693F00-3CDC-4E07-94E2-D4DB50378C2C}.Debug|ARM64.ActiveCfg = Debug|ARM64
		{70693F00-3CDC-4E07-94E2-D4DB50378C2C}.Debug|ARM64.Build.0 = Debug|ARM64
		{70693F00-3CDC-4E07-94E2-D4DB50378C2C}.Debug|x64.ActiveCfg = Debug|x64
		{70693F00-3CDC-4E07-94E2-D4DB50378C2C}.Debug|x64.Build.0 = Debug|x64
		{70693F00-3CDC-4E07-94E2-D4DB50378C2C}.Debug|x86.ActiveCfg = Debug|x86
		{70693F00-3CDC-4E07-94E2-D4DB50378C2C}.Debug|x86.Build.0 = Debug|x86
		{70693F00-3CDC-4E07-94E2-D4DB50378C2C}.Release|ARM.ActiveCfg = Release|ARM
		{70693F00-3CDC-4E07-94E2-D4DB50378C2C}.Release|ARM.Build.0 = Release|ARM
		{70693F00-3CDC-4E07-94E2-D4DB50378C2C}.Release|ARM64.ActiveCfg = Release|ARM64
		{70693F00-3CDC-4E07-94E2-D4DB50378C2C}.Release|ARM64.Build.0 = Release|ARM64
		{70693F00-3CDC-4E07-94E2-D4DB50378C2C}.Release|x64.ActiveCfg = Release|x64
		{70693F00-3CDC-4E07-94E2-D4DB50378C2C}.Release|x64.Build.0 = Release|x64
		{70693F00-3CDC-4E07-94E2-D4DB50378C2C}.Release|x86.ActiveCfg = Release|x86
		{70693F00-3CDC-4E07-94E2-D4DB50378C2C}.Release|x86.Build.0 = Release|x86
		{CEB82E43-4D2B-4D17-B607-4DF13ABF51C9}.Debug|ARM.ActiveCfg = Debug|ARM
		{CEB82E43-4D2B-4D17-B607-4DF13ABF51C9}.Debug|ARM.Build.0 = Debug|ARM
		{CEB82E43-4D2B-4D17-B607-4DF13ABF51C9}.Debug|ARM64.ActiveCfg = Debug|ARM64
		{CEB82E43-4D2B-4D17-B607-4DF13ABF51C9}.Debug|ARM64.Build.0 = Debug|ARM64
		{CEB82E43-4D2B-4D17-B607-4DF13ABF51C9}.Debug|x64.ActiveCfg = Debug|x64
		{CEB82E43-4D2B-4D17-B607-4DF13ABF51C9}.Debug|x64.Build.0 = Debug|x64
		{CEB82E43-4D2B-4D17-B607-4DF13ABF51C9}.Debug|x86.ActiveCfg = Debug|x86
		{CEB82E43-4D2B-4D17-B607-4DF13ABF51C9}.Debug|x86.Build.0 = Debug|x86
		{CEB82E43-4D2B-4D17-B607-4DF13ABF51C9}.Release|ARM.ActiveCfg = Release|ARM
		{CEB82E43-4D2B-4D17-B607-4DF13ABF51C9}.Release|ARM.Build.0 = Release|ARM
		{CEB82E43-4D2B-4D17-B607-4DF13ABF51C9}.Release|ARM64.ActiveCfg = Release|ARM64
		{CEB82E43-4D2B-4D17-B607-4DF13ABF51C9}.Release|ARM64.Build.0 = Release|ARM64
		{CEB82E43-4D2B-4D17-B607-4DF13ABF51C9}.Release|x64.ActiveCfg = Release|x64
		{CEB82E43-4D2B-4D17-B607-4DF13ABF51C9}.Release|x64.Build.0 = Release|x64
		{CEB82E43-4D2B-4D17-B607-4DF13ABF51C9}.Release|x86.ActiveCfg = Release|x86
		{CEB82E43-4D2B-4D17-B607-4DF13ABF51C9}.Release|x86.Build.0 = Release|x86
		{53C2473E-5F45-4A9C-BF5E-38A6B8120963}.Debug|ARM.ActiveCfg = Debug|ARM
		{53C2473E-5F45-4A9C-BF5E-38A6B8120963}.Debug|ARM.Build.0 = Debug|ARM
		{53C2473E-5F45-4A9C-BF5E-38A6B8120963}.Debug|ARM64.ActiveCfg = Debug|ARM64
		{53C2473E-5F45-4A9C-BF5E-38A6B8120963}.Debug|ARM64.Build.0 = Debug|ARM64
		{53C2473E-5F45-4A9C-BF5E-38A6B8120963}.Debug|x64.ActiveCfg = Debug|x64
		{53C2473E-5F45-4A9C-BF5E-38A6B8120963}.Debug|x64.Build.0 = Debug|x64
		{53C2473E-5F45-4A9C-BF5E-38A6B8120963}.Debug|x86.ActiveCfg = Debug|x86
		{53C2473E-5F45-4A9C-BF5E-38A6B8120963}.Debug|x86.Build.0 = Debug|x86
		{53C2473E-5F45-4A9C-BF5E-38A6B8120963}.Release|ARM.ActiveCfg = Release|ARM
		{53C2473E-5F45-4A9C-BF5E-38A6B8120963}.Release|ARM.Build.0 = Release|ARM
		{53C2473E-5F45-4A9C-BF5E-38A6B8120963}.Release|ARM64.ActiveCfg = Release|ARM64
		{53C2473E-5F45-4A9C-BF5E-38A6B8120963}.Release|ARM64.Build.0 = Release|ARM64
		{53C2473E-5F45-4A9C-BF5E-38A6B8120963}.Release|x64.ActiveCfg = Release|x64
		{53C2473E-5F45-4A9C-BF5E-38A6B8120963}.Release|x64.Build.0 = Release|x64
		{53C2473E-5F45-4A9C-BF5E-38A6B8120963}.Release|x86.ActiveCfg = Release|x86
		{53C2473E-5F45-4A9C-BF5E-38A6B8120963}.Release|x86.Build.0 = Release|x86
		{06C44C32-30E6-47B8-AA88-83DFA328AD2A}.Debug|ARM.ActiveCfg = Debug|ARM
		{06C44C32-30E6-47B8-AA88-83DFA328AD2A}.Debug|ARM.Build.0 = Debug|ARM
		{06C44C32-30E6-47B8-AA88-83DFA328AD2A}.Debug|ARM64.ActiveCfg = Debug|ARM64
		{06C44C32-30E6-47B8-AA88-83DFA328AD2A}.Debug|ARM64.Build.0 = Debug|ARM64
		{06C44C32-30E6-47B8-AA88-83DFA328AD2A}.Debug|x64.ActiveCfg = Debug|x64
		{06C44C32-30E6-47B8-AA88-83DFA328AD2A}.Debug|x64.Build.0 = Debug|x64
		{06C44C32-30E6-47B8-AA88-83DFA328AD2A}.Debug|x86.ActiveCfg = Debug|x86
		{06C44C32-30E6-47B8-AA88-83DFA328AD2A}.Debug|x86.Build.0 = Debug|x86
		{06C44C32-30E6-47B8-AA88-83DFA328AD2A}.Release|ARM.ActiveCfg = Release|ARM
		{06C44C32-30E6-47B8-AA88-83DFA328AD2A}.Release|ARM.Build.0 = Release|ARM
		{06C44C32-30E6-47B8-AA88-83DFA328AD2A}.Release|ARM64.ActiveCfg = Release|ARM64
		{06C44C32-30E6-47B8-AA88-83DFA328AD2A}.Release|ARM64.Build.0 = Release|ARM64
		{06C44C32-30E6-47B8-AA88-83DFA328AD2A}.Release|x64.ActiveCfg = Release|x64
		{06C44C32-30E6-47B8-AA88-83DFA328AD2A}.Release|x64.Build.0 = Release|x64
		{06C44C32-30E6-47B8-AA88-83DFA328AD2A}.Release|x86.ActiveCfg = Release|x86
		{06C44C32-30E6-47B8-AA88-83DFA328AD2A}.Release|x86.Build.0 = Release|x86
		{9949FCA3-FBD4-4E39-A323-FA0172CC5A1D}.Debug|ARM.ActiveCfg = Debug|ARM
		{9949FCA3-FBD4-4E39-A323-FA0172CC5A1D}.Debug|ARM.Build.0 = Debug|ARM
		{9949FCA3-FBD4-4E39-A323-FA0172CC5A1D}.Debug|ARM64.ActiveCfg = Debug|ARM64
		{9949FCA3-FBD4-4E39-A323-FA0172CC5A1D}.Debug|ARM64.Build.0 = Debug|ARM64
		{9949FCA3-FBD4-4E39-A323-FA0172CC5A1D}.Debug|x64.ActiveCfg = Debug|x64
		{9949FCA3-FBD4-4E39-A323-FA0172CC5A1D}.Debug|x64.Build.0 = Debug|x64
		{9949FCA3-FBD4-4E39-A323-FA0172CC5A1D}.Debug|x86.ActiveCfg = Debug|x86
		{9949FCA3-FBD4-4E39-A323-FA0172CC5A1D}.Debug|x86.Build.0 = Debug|x86
		{9949FCA3-FBD4-4E39-A323-FA0172CC5A1D}.Release|ARM.ActiveCfg = Release|ARM
		{9949FCA3-FBD4-4E39-A323-FA0172CC5A1D}.Release|ARM.Build.0 = Release|ARM
		{9949FCA3-FBD4-4E39-A323-FA0172CC5A1D}.Release|ARM64.ActiveCfg = Release|ARM64
		{9949FCA3-FBD4-4E39-A323-FA0172CC5A1D}.Release|ARM64.Build.0 = Release|ARM64
		{9949FCA3-FBD4-4E39-A323-FA0172CC5A1D}.Release|x64.ActiveCfg = Release|x64
		{9949FCA3-FBD4-4E39-A323-FA0172CC5A1D}.Release|x64.Build.0 = Release|x64
		{9949FCA3-FBD4-4E39-A323-FA0172CC5A1D}.Release|x86.ActiveCfg = Release|x86
		{9949FCA3-FBD4-4E39-A323-FA0172CC5A1D}.Release|x86.Build.0 = Release|x86
		{0A016127-3082-423D-9A35-926C615BF62B}.Debug|ARM.ActiveCfg = Debug|ARM
		{0A016127-3082-423D-9A35-926C615BF62B}.Debug|ARM.Build.0 = Debug|ARM
		{0A016127-3082-423D-9A35-926C615BF62B}.Debug|ARM64.ActiveCfg = Debug|ARM64
		{0A016127-3082-423D-9A35-926C615BF62B}.Debug|ARM64.Build.0 = Debug|ARM64
		{0A016127-3082-423D-9A35-926C615BF62B}.Debug|x64.ActiveCfg = Debug|x64
		{0A016127-3082-423D-9A35-926C615BF62B}.Debug|x64.Build.0 = Debug|x64
		{0A016127-3082-423D-9A35-926C615BF62B}.Debug|x86.ActiveCfg = Debug|x86
		{0A016127-3082-423D-9A35-926C615BF62B}.Debug|x86.Build.0 = Debug|x86
		{0A016127-3082-423D-9A35-926C615BF62B}.Release|ARM.ActiveCfg = Release|ARM
		{0A016127-3082-423D-9A35-926C615BF62B}.Release|ARM.Build.0 = Release|ARM
		{0A016127-3082-423D-9A35-926C615BF62B}.Release|ARM64.ActiveCfg = Release|ARM64
		{0A016127-3082-423D-9A35-926C615BF62B}.Release|ARM64.Build.0 = Release|ARM64
		{0A016127-3082-423D-9A35-926C615BF62B}.Release|x64.ActiveCfg = Release|x64
		{0A016127-3082-423D-9A35-926C615BF62B}.Release|x64.Build.0 = Release|x64
		{0A016127-3082-423D-9A35-926C615BF62B}.Release|x86.ActiveCfg = Release|x86
		{0A016127-3082-423D-9A35-926C615BF62B}.Release|x86.Build.0 = Release|x86
		{38FA1286-A1D4-43D5-B36A-7FEE178E4FC8}.Debug|ARM.ActiveCfg = Debug|ARM
		{38FA1286-A1D4-43D5-B36A-7FEE178E4FC8}.Debug|ARM.Build.0 = Debug|ARM
		{38FA1286-A1D4-43D5-B36A-7FEE178E4FC8}.Debug|ARM64.ActiveCfg = Debug|ARM64
		{38FA1286-A1D4-43D5-B36A-7FEE178E4FC8}.Debug|ARM64.Build.0 = Debug|ARM64
		{38FA1286-A1D4-43D5-B36A-7FEE178E4FC8}.Debug|x64.ActiveCfg = Debug|x64
		{38FA1286-A1D4-43D5-B36A-7FEE178E4FC8}.Debug|x64.Build.0 = Debug|x64
		{38FA1286-A1D4-43D5-B36A-7FEE178E4FC8}.Debug|x86.ActiveCfg = Debug|x86
		{38FA1286-A1D4-43D5-B36A-7FEE178E4FC8}.Debug|x86.Build.0 = Debug|x86
		{38FA1286-A1D4-43D5-B36A-7FEE178E4FC8}.Release|ARM.ActiveCfg = Release|ARM
		{38FA1286-A1D4-43D5-B36A-7FEE178E4FC8}.Release|ARM.Build.0 = Release|ARM
		{38FA1286-A1D4-43D5-B36A-7FEE178E4FC8}.Release|ARM64.ActiveCfg = Release|ARM64
		{38FA1286-A1D4-43D5-B36A-7FEE178E4FC8}.Release|ARM64.Build.0 = Release|ARM64
		{38FA1286-A1D4-43D5-B36A-7FEE178E4FC8}.Release|x64.ActiveCfg = Release|x64
		{38FA1286-A1D4-43D5-B36A-7FEE178E4FC8}.Release|x64.Build.0 = Release|x64
		{38FA1286-A1D4-43D5-B36A-7FEE178E4FC8}.Release|x86.ActiveCfg = Release|x86
		{38FA1286-A1D4-43D5-B36A-7FEE178E4FC8}.Release|x86.Build.0 = Release|x86
		{19511869-F964-4412-95C6-638509323D2A}.Debug|ARM.ActiveCfg = Debug|ARM
		{19511869-F964-4412-95C6-638509323D2A}.Debug|ARM.Build.0 = Debug|ARM
		{19511869-F964-4412-95C6-638509323D2A}.Debug|ARM64.ActiveCfg = Debug|ARM64
		{19511869-F964-4412-95C6-638509323D2A}.Debug|ARM64.Build.0 = Debug|ARM64
		{19511869-F964-4412-95C6-638509323D2A}.Debug|x64.ActiveCfg = Debug|x64
		{19511869-F964-4412-95C6-638509323D2A}.Debug|x64.Build.0 = Debug|x64
		{19511869-F964-4412-95C6-638509323D2A}.Debug|x86.ActiveCfg = Debug|x86
		{19511869-F964-4412-95C6-638509323D2A}.Debug|x86.Build.0 = Debug|x86
		{19511869-F964-4412-95C6-638509323D2A}.Release|ARM.ActiveCfg = Release|ARM
		{19511869-F964-4412-95C6-638509323D2A}.Release|ARM.Build.0 = Release|ARM
		{19511869-F964-4412-95C6-638509323D2A}.Release|ARM64.ActiveCfg = Release|ARM64
		{19511869-F964-4412-95C6-638509323D2A}.Release|ARM64.Build.0 = Release|ARM64
		{19511869-F964-4412-95C6-638509323D2A}.Release|x64.ActiveCfg = Release|x64
		{19511869-F964-4412-95C6-638509323D2A}.Release|x64.Build.0 = Release|x64
		{19511869-F964-4412-95C6-638509323D2A}.Release|x86.ActiveCfg = Release|x86
		{19511869-F964-4412-95C6-638509323D2A}.Release|x86.Build.0 = Release|x86
	EndGlobalSection
	GlobalSection(SolutionProperties) = preSolution
		HideSolutionNode = FALSE
	EndGlobalSection
EndGlobal
