// !$*UTF8*$!
{
	archiveVersion = 1;
	classes = {
	};
	objectVersion = 45;
	objects = {

/* Begin PBXBuildFile section */
		EC6C55AF10EDE5EF000E1B18 /* tinySAK_config.h in Headers */ = {isa = PBXBuildFile; fileRef = EC6C557A10EDE5EF000E1B18 /* tinySAK_config.h */; };
		EC6C55B010EDE5EF000E1B18 /* tsk.c in Sources */ = {isa = PBXBuildFile; fileRef = EC6C557B10EDE5EF000E1B18 /* tsk.c */; };
		EC6C55B110EDE5EF000E1B18 /* tsk.h in Headers */ = {isa = PBXBuildFile; fileRef = EC6C557C10EDE5EF000E1B18 /* tsk.h */; };
		EC6C55B210EDE5EF000E1B18 /* tsk_base64.c in Sources */ = {isa = PBXBuildFile; fileRef = EC6C557D10EDE5EF000E1B18 /* tsk_base64.c */; };
		EC6C55B310EDE5EF000E1B18 /* tsk_base64.h in Headers */ = {isa = PBXBuildFile; fileRef = EC6C557E10EDE5EF000E1B18 /* tsk_base64.h */; };
		EC6C55B410EDE5EF000E1B18 /* tsk_binaryutils.c in Sources */ = {isa = PBXBuildFile; fileRef = EC6C557F10EDE5EF000E1B18 /* tsk_binaryutils.c */; };
		EC6C55B510EDE5EF000E1B18 /* tsk_binaryutils.h in Headers */ = {isa = PBXBuildFile; fileRef = EC6C558010EDE5EF000E1B18 /* tsk_binaryutils.h */; };
		EC6C55B610EDE5EF000E1B18 /* tsk_buffer.c in Sources */ = {isa = PBXBuildFile; fileRef = EC6C558110EDE5EF000E1B18 /* tsk_buffer.c */; };
		EC6C55B710EDE5EF000E1B18 /* tsk_buffer.h in Headers */ = {isa = PBXBuildFile; fileRef = EC6C558210EDE5EF000E1B18 /* tsk_buffer.h */; };
		EC6C55B810EDE5EF000E1B18 /* tsk_condwait.c in Sources */ = {isa = PBXBuildFile; fileRef = EC6C558310EDE5EF000E1B18 /* tsk_condwait.c */; };
		EC6C55B910EDE5EF000E1B18 /* tsk_condwait.h in Headers */ = {isa = PBXBuildFile; fileRef = EC6C558410EDE5EF000E1B18 /* tsk_condwait.h */; };
		EC6C55BA10EDE5EF000E1B18 /* tsk_debug.c in Sources */ = {isa = PBXBuildFile; fileRef = EC6C558510EDE5EF000E1B18 /* tsk_debug.c */; };
		EC6C55BB10EDE5EF000E1B18 /* tsk_debug.h in Headers */ = {isa = PBXBuildFile; fileRef = EC6C558610EDE5EF000E1B18 /* tsk_debug.h */; };
		EC6C55BC10EDE5EF000E1B18 /* tsk_errno.h in Headers */ = {isa = PBXBuildFile; fileRef = EC6C558710EDE5EF000E1B18 /* tsk_errno.h */; };
		EC6C55BD10EDE5EF000E1B18 /* tsk_heap.c in Sources */ = {isa = PBXBuildFile; fileRef = EC6C558810EDE5EF000E1B18 /* tsk_heap.c */; };
		EC6C55BE10EDE5EF000E1B18 /* tsk_heap.h in Headers */ = {isa = PBXBuildFile; fileRef = EC6C558910EDE5EF000E1B18 /* tsk_heap.h */; };
		EC6C55BF10EDE5EF000E1B18 /* tsk_hmac.c in Sources */ = {isa = PBXBuildFile; fileRef = EC6C558A10EDE5EF000E1B18 /* tsk_hmac.c */; };
		EC6C55C010EDE5EF000E1B18 /* tsk_hmac.h in Headers */ = {isa = PBXBuildFile; fileRef = EC6C558B10EDE5EF000E1B18 /* tsk_hmac.h */; };
		EC6C55C110EDE5EF000E1B18 /* tsk_list.c in Sources */ = {isa = PBXBuildFile; fileRef = EC6C558C10EDE5EF000E1B18 /* tsk_list.c */; };
		EC6C55C210EDE5EF000E1B18 /* tsk_list.h in Headers */ = {isa = PBXBuildFile; fileRef = EC6C558D10EDE5EF000E1B18 /* tsk_list.h */; };
		EC6C55C310EDE5EF000E1B18 /* tsk_macros.h in Headers */ = {isa = PBXBuildFile; fileRef = EC6C558E10EDE5EF000E1B18 /* tsk_macros.h */; };
		EC6C55C410EDE5EF000E1B18 /* tsk_md5.c in Sources */ = {isa = PBXBuildFile; fileRef = EC6C558F10EDE5EF000E1B18 /* tsk_md5.c */; };
		EC6C55C510EDE5EF000E1B18 /* tsk_md5.h in Headers */ = {isa = PBXBuildFile; fileRef = EC6C559010EDE5EF000E1B18 /* tsk_md5.h */; };
		EC6C55C610EDE5EF000E1B18 /* tsk_memory.c in Sources */ = {isa = PBXBuildFile; fileRef = EC6C559110EDE5EF000E1B18 /* tsk_memory.c */; };
		EC6C55C710EDE5EF000E1B18 /* tsk_memory.h in Headers */ = {isa = PBXBuildFile; fileRef = EC6C559210EDE5EF000E1B18 /* tsk_memory.h */; };
		EC6C55C810EDE5EF000E1B18 /* tsk_mutex.c in Sources */ = {isa = PBXBuildFile; fileRef = EC6C559310EDE5EF000E1B18 /* tsk_mutex.c */; };
		EC6C55C910EDE5EF000E1B18 /* tsk_mutex.h in Headers */ = {isa = PBXBuildFile; fileRef = EC6C559410EDE5EF000E1B18 /* tsk_mutex.h */; };
		EC6C55CA10EDE5EF000E1B18 /* tsk_object.c in Sources */ = {isa = PBXBuildFile; fileRef = EC6C559510EDE5EF000E1B18 /* tsk_object.c */; };
		EC6C55CB10EDE5EF000E1B18 /* tsk_object.h in Headers */ = {isa = PBXBuildFile; fileRef = EC6C559610EDE5EF000E1B18 /* tsk_object.h */; };
		EC6C55CC10EDE5EF000E1B18 /* tsk_params.c in Sources */ = {isa = PBXBuildFile; fileRef = EC6C559710EDE5EF000E1B18 /* tsk_params.c */; };
		EC6C55CD10EDE5EF000E1B18 /* tsk_params.h in Headers */ = {isa = PBXBuildFile; fileRef = EC6C559810EDE5EF000E1B18 /* tsk_params.h */; };
		EC6C55CE10EDE5EF000E1B18 /* tsk_ppfcs16.c in Sources */ = {isa = PBXBuildFile; fileRef = EC6C559910EDE5EF000E1B18 /* tsk_ppfcs16.c */; };
		EC6C55CF10EDE5EF000E1B18 /* tsk_ppfcs16.h in Headers */ = {isa = PBXBuildFile; fileRef = EC6C559A10EDE5EF000E1B18 /* tsk_ppfcs16.h */; };
		EC6C55D010EDE5EF000E1B18 /* tsk_runnable.c in Sources */ = {isa = PBXBuildFile; fileRef = EC6C559B10EDE5EF000E1B18 /* tsk_runnable.c */; };
		EC6C55D110EDE5EF000E1B18 /* tsk_runnable.h in Headers */ = {isa = PBXBuildFile; fileRef = EC6C559C10EDE5EF000E1B18 /* tsk_runnable.h */; };
		EC6C55D210EDE5EF000E1B18 /* tsk_safeobj.c in Sources */ = {isa = PBXBuildFile; fileRef = EC6C559D10EDE5EF000E1B18 /* tsk_safeobj.c */; };
		EC6C55D310EDE5EF000E1B18 /* tsk_safeobj.h in Headers */ = {isa = PBXBuildFile; fileRef = EC6C559E10EDE5EF000E1B18 /* tsk_safeobj.h */; };
		EC6C55D410EDE5EF000E1B18 /* tsk_semaphore.c in Sources */ = {isa = PBXBuildFile; fileRef = EC6C559F10EDE5EF000E1B18 /* tsk_semaphore.c */; };
		EC6C55D510EDE5EF000E1B18 /* tsk_semaphore.h in Headers */ = {isa = PBXBuildFile; fileRef = EC6C55A010EDE5EF000E1B18 /* tsk_semaphore.h */; };
		EC6C55D610EDE5EF000E1B18 /* tsk_sha1.c in Sources */ = {isa = PBXBuildFile; fileRef = EC6C55A110EDE5EF000E1B18 /* tsk_sha1.c */; };
		EC6C55D710EDE5EF000E1B18 /* tsk_sha1.h in Headers */ = {isa = PBXBuildFile; fileRef = EC6C55A210EDE5EF000E1B18 /* tsk_sha1.h */; };
		EC6C55D810EDE5EF000E1B18 /* tsk_string.c in Sources */ = {isa = PBXBuildFile; fileRef = EC6C55A310EDE5EF000E1B18 /* tsk_string.c */; };
		EC6C55D910EDE5EF000E1B18 /* tsk_string.h in Headers */ = {isa = PBXBuildFile; fileRef = EC6C55A410EDE5EF000E1B18 /* tsk_string.h */; };
		EC6C55DA10EDE5EF000E1B18 /* tsk_thread.c in Sources */ = {isa = PBXBuildFile; fileRef = EC6C55A510EDE5EF000E1B18 /* tsk_thread.c */; };
		EC6C55DB10EDE5EF000E1B18 /* tsk_thread.h in Headers */ = {isa = PBXBuildFile; fileRef = EC6C55A610EDE5EF000E1B18 /* tsk_thread.h */; };
		EC6C55DC10EDE5EF000E1B18 /* tsk_time.c in Sources */ = {isa = PBXBuildFile; fileRef = EC6C55A710EDE5EF000E1B18 /* tsk_time.c */; };
		EC6C55DD10EDE5EF000E1B18 /* tsk_time.h in Headers */ = {isa = PBXBuildFile; fileRef = EC6C55A810EDE5EF000E1B18 /* tsk_time.h */; };
		EC6C55DE10EDE5EF000E1B18 /* tsk_timer.c in Sources */ = {isa = PBXBuildFile; fileRef = EC6C55A910EDE5EF000E1B18 /* tsk_timer.c */; };
		EC6C55DF10EDE5EF000E1B18 /* tsk_timer.h in Headers */ = {isa = PBXBuildFile; fileRef = EC6C55AA10EDE5EF000E1B18 /* tsk_timer.h */; };
		EC6C55E010EDE5EF000E1B18 /* tsk_url.c in Sources */ = {isa = PBXBuildFile; fileRef = EC6C55AB10EDE5EF000E1B18 /* tsk_url.c */; };
		EC6C55E110EDE5EF000E1B18 /* tsk_url.h in Headers */ = {isa = PBXBuildFile; fileRef = EC6C55AC10EDE5EF000E1B18 /* tsk_url.h */; };
		EC6C55E210EDE5EF000E1B18 /* tsk_xml.c in Sources */ = {isa = PBXBuildFile; fileRef = EC6C55AD10EDE5EF000E1B18 /* tsk_xml.c */; };
		EC6C55E310EDE5EF000E1B18 /* tsk_xml.h in Headers */ = {isa = PBXBuildFile; fileRef = EC6C55AE10EDE5EF000E1B18 /* tsk_xml.h */; };
		EC6C55F210EDE669000E1B18 /* libtinySAK.dylib in Frameworks */ = {isa = PBXBuildFile; fileRef = D2AAC0630554660B00DB518D /* libtinySAK.dylib */; };
		EC6C560A10EDE6E1000E1B18 /* stdafx.c in Sources */ = {isa = PBXBuildFile; fileRef = EC6C55F610EDE6E1000E1B18 /* stdafx.c */; };
		EC6C560B10EDE6E1000E1B18 /* test.c in Sources */ = {isa = PBXBuildFile; fileRef = EC6C55F910EDE6E1000E1B18 /* test.c */; };
		EC6C563810EDEA69000E1B18 /* stdafx.h in Sources */ = {isa = PBXBuildFile; fileRef = EC6C55F710EDE6E1000E1B18 /* stdafx.h */; };
		EC6C563910EDEA69000E1B18 /* targetver.h in Sources */ = {isa = PBXBuildFile; fileRef = EC6C55F810EDE6E1000E1B18 /* targetver.h */; };
		EC6C563A10EDEA69000E1B18 /* test_base64.h in Sources */ = {isa = PBXBuildFile; fileRef = EC6C55FA10EDE6E1000E1B18 /* test_base64.h */; };
		EC6C563B10EDEA69000E1B18 /* test_buffer.h in Sources */ = {isa = PBXBuildFile; fileRef = EC6C55FB10EDE6E1000E1B18 /* test_buffer.h */; };
		EC6C563C10EDEA69000E1B18 /* test_condwait.h in Sources */ = {isa = PBXBuildFile; fileRef = EC6C55FC10EDE6E1000E1B18 /* test_condwait.h */; };
		EC6C563D10EDEA69000E1B18 /* test_heap.h in Sources */ = {isa = PBXBuildFile; fileRef = EC6C55FD10EDE6E1000E1B18 /* test_heap.h */; };
		EC6C563E10EDEA69000E1B18 /* test_lists.h in Sources */ = {isa = PBXBuildFile; fileRef = EC6C55FE10EDE6E1000E1B18 /* test_lists.h */; };
		EC6C563F10EDEA69000E1B18 /* test_md5.h in Sources */ = {isa = PBXBuildFile; fileRef = EC6C55FF10EDE6E1000E1B18 /* test_md5.h */; };
		EC6C564010EDEA69000E1B18 /* test_mutex.h in Sources */ = {isa = PBXBuildFile; fileRef = EC6C560010EDE6E1000E1B18 /* test_mutex.h */; };
		EC6C564110EDEA69000E1B18 /* test_object.h in Sources */ = {isa = PBXBuildFile; fileRef = EC6C560110EDE6E1000E1B18 /* test_object.h */; };
		EC6C564210EDEA69000E1B18 /* test_params.h in Sources */ = {isa = PBXBuildFile; fileRef = EC6C560210EDE6E1000E1B18 /* test_params.h */; };
		EC6C564310EDEA69000E1B18 /* test_runnable.h in Sources */ = {isa = PBXBuildFile; fileRef = EC6C560310EDE6E1000E1B18 /* test_runnable.h */; };
		EC6C564410EDEA69000E1B18 /* test_safeobject.h in Sources */ = {isa = PBXBuildFile; fileRef = EC6C560410EDE6E1000E1B18 /* test_safeobject.h */; };
		EC6C564510EDEA69000E1B18 /* test_semaphore.h in Sources */ = {isa = PBXBuildFile; fileRef = EC6C560510EDE6E1000E1B18 /* test_semaphore.h */; };
		EC6C564610EDEA69000E1B18 /* test_sha1.h in Sources */ = {isa = PBXBuildFile; fileRef = EC6C560610EDE6E1000E1B18 /* test_sha1.h */; };
		EC6C564710EDEA69000E1B18 /* test_strings.h in Sources */ = {isa = PBXBuildFile; fileRef = EC6C560710EDE6E1000E1B18 /* test_strings.h */; };
		EC6C564810EDEA69000E1B18 /* test_timer.h in Sources */ = {isa = PBXBuildFile; fileRef = EC6C560810EDE6E1000E1B18 /* test_timer.h */; };
		EC6C564910EDEA69000E1B18 /* test_url.h in Sources */ = {isa = PBXBuildFile; fileRef = EC6C560910EDE6E1000E1B18 /* test_url.h */; };
/* End PBXBuildFile section */

/* Begin PBXContainerItemProxy section */
		EC6C55F010EDE664000E1B18 /* PBXContainerItemProxy */ = {
			isa = PBXContainerItemProxy;
			containerPortal = 08FB7793FE84155DC02AAC07 /* Project object */;
			proxyType = 1;
			remoteGlobalIDString = D2AAC0620554660B00DB518D;
			remoteInfo = tinySAK;
		};
/* End PBXContainerItemProxy section */

/* Begin PBXFileReference section */
		D2AAC0630554660B00DB518D /* libtinySAK.dylib */ = {isa = PBXFileReference; explicitFileType = "compiled.mach-o.dylib"; includeInIndex = 0; path = libtinySAK.dylib; sourceTree = BUILT_PRODUCTS_DIR; };
		EC6C557A10EDE5EF000E1B18 /* tinySAK_config.h */ = {isa = PBXFileReference; fileEncoding = 4; lastKnownFileType = sourcecode.c.h; name = tinySAK_config.h; path = ../../tinySAK/src/tinySAK_config.h; sourceTree = SOURCE_ROOT; };
		EC6C557B10EDE5EF000E1B18 /* tsk.c */ = {isa = PBXFileReference; fileEncoding = 4; lastKnownFileType = sourcecode.c.c; name = tsk.c; path = ../../tinySAK/src/tsk.c; sourceTree = SOURCE_ROOT; };
		EC6C557C10EDE5EF000E1B18 /* tsk.h */ = {isa = PBXFileReference; fileEncoding = 4; lastKnownFileType = sourcecode.c.h; name = tsk.h; path = ../../tinySAK/src/tsk.h; sourceTree = SOURCE_ROOT; };
		EC6C557D10EDE5EF000E1B18 /* tsk_base64.c */ = {isa = PBXFileReference; fileEncoding = 4; lastKnownFileType = sourcecode.c.c; name = tsk_base64.c; path = ../../tinySAK/src/tsk_base64.c; sourceTree = SOURCE_ROOT; };
		EC6C557E10EDE5EF000E1B18 /* tsk_base64.h */ = {isa = PBXFileReference; fileEncoding = 4; lastKnownFileType = sourcecode.c.h; name = tsk_base64.h; path = ../../tinySAK/src/tsk_base64.h; sourceTree = SOURCE_ROOT; };
		EC6C557F10EDE5EF000E1B18 /* tsk_binaryutils.c */ = {isa = PBXFileReference; fileEncoding = 4; lastKnownFileType = sourcecode.c.c; name = tsk_binaryutils.c; path = ../../tinySAK/src/tsk_binaryutils.c; sourceTree = SOURCE_ROOT; };
		EC6C558010EDE5EF000E1B18 /* tsk_binaryutils.h */ = {isa = PBXFileReference; fileEncoding = 4; lastKnownFileType = sourcecode.c.h; name = tsk_binaryutils.h; path = ../../tinySAK/src/tsk_binaryutils.h; sourceTree = SOURCE_ROOT; };
		EC6C558110EDE5EF000E1B18 /* tsk_buffer.c */ = {isa = PBXFileReference; fileEncoding = 4; lastKnownFileType = sourcecode.c.c; name = tsk_buffer.c; path = ../../tinySAK/src/tsk_buffer.c; sourceTree = SOURCE_ROOT; };
		EC6C558210EDE5EF000E1B18 /* tsk_buffer.h */ = {isa = PBXFileReference; fileEncoding = 4; lastKnownFileType = sourcecode.c.h; name = tsk_buffer.h; path = ../../tinySAK/src/tsk_buffer.h; sourceTree = SOURCE_ROOT; };
		EC6C558310EDE5EF000E1B18 /* tsk_condwait.c */ = {isa = PBXFileReference; fileEncoding = 4; lastKnownFileType = sourcecode.c.c; name = tsk_condwait.c; path = ../../tinySAK/src/tsk_condwait.c; sourceTree = SOURCE_ROOT; };
		EC6C558410EDE5EF000E1B18 /* tsk_condwait.h */ = {isa = PBXFileReference; fileEncoding = 4; lastKnownFileType = sourcecode.c.h; name = tsk_condwait.h; path = ../../tinySAK/src/tsk_condwait.h; sourceTree = SOURCE_ROOT; };
		EC6C558510EDE5EF000E1B18 /* tsk_debug.c */ = {isa = PBXFileReference; fileEncoding = 4; lastKnownFileType = sourcecode.c.c; name = tsk_debug.c; path = ../../tinySAK/src/tsk_debug.c; sourceTree = SOURCE_ROOT; };
		EC6C558610EDE5EF000E1B18 /* tsk_debug.h */ = {isa = PBXFileReference; fileEncoding = 4; lastKnownFileType = sourcecode.c.h; name = tsk_debug.h; path = ../../tinySAK/src/tsk_debug.h; sourceTree = SOURCE_ROOT; };
		EC6C558710EDE5EF000E1B18 /* tsk_errno.h */ = {isa = PBXFileReference; fileEncoding = 4; lastKnownFileType = sourcecode.c.h; name = tsk_errno.h; path = ../../tinySAK/src/tsk_errno.h; sourceTree = SOURCE_ROOT; };
		EC6C558810EDE5EF000E1B18 /* tsk_heap.c */ = {isa = PBXFileReference; fileEncoding = 4; lastKnownFileType = sourcecode.c.c; name = tsk_heap.c; path = ../../tinySAK/src/tsk_heap.c; sourceTree = SOURCE_ROOT; };
		EC6C558910EDE5EF000E1B18 /* tsk_heap.h */ = {isa = PBXFileReference; fileEncoding = 4; lastKnownFileType = sourcecode.c.h; name = tsk_heap.h; path = ../../tinySAK/src/tsk_heap.h; sourceTree = SOURCE_ROOT; };
		EC6C558A10EDE5EF000E1B18 /* tsk_hmac.c */ = {isa = PBXFileReference; fileEncoding = 4; lastKnownFileType = sourcecode.c.c; name = tsk_hmac.c; path = ../../tinySAK/src/tsk_hmac.c; sourceTree = SOURCE_ROOT; };
		EC6C558B10EDE5EF000E1B18 /* tsk_hmac.h */ = {isa = PBXFileReference; fileEncoding = 4; lastKnownFileType = sourcecode.c.h; name = tsk_hmac.h; path = ../../tinySAK/src/tsk_hmac.h; sourceTree = SOURCE_ROOT; };
		EC6C558C10EDE5EF000E1B18 /* tsk_list.c */ = {isa = PBXFileReference; fileEncoding = 4; lastKnownFileType = sourcecode.c.c; name = tsk_list.c; path = ../../tinySAK/src/tsk_list.c; sourceTree = SOURCE_ROOT; };
		EC6C558D10EDE5EF000E1B18 /* tsk_list.h */ = {isa = PBXFileReference; fileEncoding = 4; lastKnownFileType = sourcecode.c.h; name = tsk_list.h; path = ../../tinySAK/src/tsk_list.h; sourceTree = SOURCE_ROOT; };
		EC6C558E10EDE5EF000E1B18 /* tsk_macros.h */ = {isa = PBXFileReference; fileEncoding = 4; lastKnownFileType = sourcecode.c.h; name = tsk_macros.h; path = ../../tinySAK/src/tsk_macros.h; sourceTree = SOURCE_ROOT; };
		EC6C558F10EDE5EF000E1B18 /* tsk_md5.c */ = {isa = PBXFileReference; fileEncoding = 4; lastKnownFileType = sourcecode.c.c; name = tsk_md5.c; path = ../../tinySAK/src/tsk_md5.c; sourceTree = SOURCE_ROOT; };
		EC6C559010EDE5EF000E1B18 /* tsk_md5.h */ = {isa = PBXFileReference; fileEncoding = 4; lastKnownFileType = sourcecode.c.h; name = tsk_md5.h; path = ../../tinySAK/src/tsk_md5.h; sourceTree = SOURCE_ROOT; };
		EC6C559110EDE5EF000E1B18 /* tsk_memory.c */ = {isa = PBXFileReference; fileEncoding = 4; lastKnownFileType = sourcecode.c.c; name = tsk_memory.c; path = ../../tinySAK/src/tsk_memory.c; sourceTree = SOURCE_ROOT; };
		EC6C559210EDE5EF000E1B18 /* tsk_memory.h */ = {isa = PBXFileReference; fileEncoding = 4; lastKnownFileType = sourcecode.c.h; name = tsk_memory.h; path = ../../tinySAK/src/tsk_memory.h; sourceTree = SOURCE_ROOT; };
		EC6C559310EDE5EF000E1B18 /* tsk_mutex.c */ = {isa = PBXFileReference; fileEncoding = 4; lastKnownFileType = sourcecode.c.c; name = tsk_mutex.c; path = ../../tinySAK/src/tsk_mutex.c; sourceTree = SOURCE_ROOT; };
		EC6C559410EDE5EF000E1B18 /* tsk_mutex.h */ = {isa = PBXFileReference; fileEncoding = 4; lastKnownFileType = sourcecode.c.h; name = tsk_mutex.h; path = ../../tinySAK/src/tsk_mutex.h; sourceTree = SOURCE_ROOT; };
		EC6C559510EDE5EF000E1B18 /* tsk_object.c */ = {isa = PBXFileReference; fileEncoding = 4; lastKnownFileType = sourcecode.c.c; name = tsk_object.c; path = ../../tinySAK/src/tsk_object.c; sourceTree = SOURCE_ROOT; };
		EC6C559610EDE5EF000E1B18 /* tsk_object.h */ = {isa = PBXFileReference; fileEncoding = 4; lastKnownFileType = sourcecode.c.h; name = tsk_object.h; path = ../../tinySAK/src/tsk_object.h; sourceTree = SOURCE_ROOT; };
		EC6C559710EDE5EF000E1B18 /* tsk_params.c */ = {isa = PBXFileReference; fileEncoding = 4; lastKnownFileType = sourcecode.c.c; name = tsk_params.c; path = ../../tinySAK/src/tsk_params.c; sourceTree = SOURCE_ROOT; };
		EC6C559810EDE5EF000E1B18 /* tsk_params.h */ = {isa = PBXFileReference; fileEncoding = 4; lastKnownFileType = sourcecode.c.h; name = tsk_params.h; path = ../../tinySAK/src/tsk_params.h; sourceTree = SOURCE_ROOT; };
		EC6C559910EDE5EF000E1B18 /* tsk_ppfcs16.c */ = {isa = PBXFileReference; fileEncoding = 4; lastKnownFileType = sourcecode.c.c; name = tsk_ppfcs16.c; path = ../../tinySAK/src/tsk_ppfcs16.c; sourceTree = SOURCE_ROOT; };
		EC6C559A10EDE5EF000E1B18 /* tsk_ppfcs16.h */ = {isa = PBXFileReference; fileEncoding = 4; lastKnownFileType = sourcecode.c.h; name = tsk_ppfcs16.h; path = ../../tinySAK/src/tsk_ppfcs16.h; sourceTree = SOURCE_ROOT; };
		EC6C559B10EDE5EF000E1B18 /* tsk_runnable.c */ = {isa = PBXFileReference; fileEncoding = 4; lastKnownFileType = sourcecode.c.c; name = tsk_runnable.c; path = ../../tinySAK/src/tsk_runnable.c; sourceTree = SOURCE_ROOT; };
		EC6C559C10EDE5EF000E1B18 /* tsk_runnable.h */ = {isa = PBXFileReference; fileEncoding = 4; lastKnownFileType = sourcecode.c.h; name = tsk_runnable.h; path = ../../tinySAK/src/tsk_runnable.h; sourceTree = SOURCE_ROOT; };
		EC6C559D10EDE5EF000E1B18 /* tsk_safeobj.c */ = {isa = PBXFileReference; fileEncoding = 4; lastKnownFileType = sourcecode.c.c; name = tsk_safeobj.c; path = ../../tinySAK/src/tsk_safeobj.c; sourceTree = SOURCE_ROOT; };
		EC6C559E10EDE5EF000E1B18 /* tsk_safeobj.h */ = {isa = PBXFileReference; fileEncoding = 4; lastKnownFileType = sourcecode.c.h; name = tsk_safeobj.h; path = ../../tinySAK/src/tsk_safeobj.h; sourceTree = SOURCE_ROOT; };
		EC6C559F10EDE5EF000E1B18 /* tsk_semaphore.c */ = {isa = PBXFileReference; fileEncoding = 4; lastKnownFileType = sourcecode.c.c; name = tsk_semaphore.c; path = ../../tinySAK/src/tsk_semaphore.c; sourceTree = SOURCE_ROOT; };
		EC6C55A010EDE5EF000E1B18 /* tsk_semaphore.h */ = {isa = PBXFileReference; fileEncoding = 4; lastKnownFileType = sourcecode.c.h; name = tsk_semaphore.h; path = ../../tinySAK/src/tsk_semaphore.h; sourceTree = SOURCE_ROOT; };
		EC6C55A110EDE5EF000E1B18 /* tsk_sha1.c */ = {isa = PBXFileReference; fileEncoding = 4; lastKnownFileType = sourcecode.c.c; name = tsk_sha1.c; path = ../../tinySAK/src/tsk_sha1.c; sourceTree = SOURCE_ROOT; };
		EC6C55A210EDE5EF000E1B18 /* tsk_sha1.h */ = {isa = PBXFileReference; fileEncoding = 4; lastKnownFileType = sourcecode.c.h; name = tsk_sha1.h; path = ../../tinySAK/src/tsk_sha1.h; sourceTree = SOURCE_ROOT; };
		EC6C55A310EDE5EF000E1B18 /* tsk_string.c */ = {isa = PBXFileReference; fileEncoding = 4; lastKnownFileType = sourcecode.c.c; name = tsk_string.c; path = ../../tinySAK/src/tsk_string.c; sourceTree = SOURCE_ROOT; };
		EC6C55A410EDE5EF000E1B18 /* tsk_string.h */ = {isa = PBXFileReference; fileEncoding = 4; lastKnownFileType = sourcecode.c.h; name = tsk_string.h; path = ../../tinySAK/src/tsk_string.h; sourceTree = SOURCE_ROOT; };
		EC6C55A510EDE5EF000E1B18 /* tsk_thread.c */ = {isa = PBXFileReference; fileEncoding = 4; lastKnownFileType = sourcecode.c.c; name = tsk_thread.c; path = ../../tinySAK/src/tsk_thread.c; sourceTree = SOURCE_ROOT; };
		EC6C55A610EDE5EF000E1B18 /* tsk_thread.h */ = {isa = PBXFileReference; fileEncoding = 4; lastKnownFileType = sourcecode.c.h; name = tsk_thread.h; path = ../../tinySAK/src/tsk_thread.h; sourceTree = SOURCE_ROOT; };
		EC6C55A710EDE5EF000E1B18 /* tsk_time.c */ = {isa = PBXFileReference; fileEncoding = 4; lastKnownFileType = sourcecode.c.c; name = tsk_time.c; path = ../../tinySAK/src/tsk_time.c; sourceTree = SOURCE_ROOT; };
		EC6C55A810EDE5EF000E1B18 /* tsk_time.h */ = {isa = PBXFileReference; fileEncoding = 4; lastKnownFileType = sourcecode.c.h; name = tsk_time.h; path = ../../tinySAK/src/tsk_time.h; sourceTree = SOURCE_ROOT; };
		EC6C55A910EDE5EF000E1B18 /* tsk_timer.c */ = {isa = PBXFileReference; fileEncoding = 4; lastKnownFileType = sourcecode.c.c; name = tsk_timer.c; path = ../../tinySAK/src/tsk_timer.c; sourceTree = SOURCE_ROOT; };
		EC6C55AA10EDE5EF000E1B18 /* tsk_timer.h */ = {isa = PBXFileReference; fileEncoding = 4; lastKnownFileType = sourcecode.c.h; name = tsk_timer.h; path = ../../tinySAK/src/tsk_timer.h; sourceTree = SOURCE_ROOT; };
		EC6C55AB10EDE5EF000E1B18 /* tsk_url.c */ = {isa = PBXFileReference; fileEncoding = 4; lastKnownFileType = sourcecode.c.c; name = tsk_url.c; path = ../../tinySAK/src/tsk_url.c; sourceTree = SOURCE_ROOT; };
		EC6C55AC10EDE5EF000E1B18 /* tsk_url.h */ = {isa = PBXFileReference; fileEncoding = 4; lastKnownFileType = sourcecode.c.h; name = tsk_url.h; path = ../../tinySAK/src/tsk_url.h; sourceTree = SOURCE_ROOT; };
		EC6C55AD10EDE5EF000E1B18 /* tsk_xml.c */ = {isa = PBXFileReference; fileEncoding = 4; lastKnownFileType = sourcecode.c.c; name = tsk_xml.c; path = ../../tinySAK/src/tsk_xml.c; sourceTree = SOURCE_ROOT; };
		EC6C55AE10EDE5EF000E1B18 /* tsk_xml.h */ = {isa = PBXFileReference; fileEncoding = 4; lastKnownFileType = sourcecode.c.h; name = tsk_xml.h; path = ../../tinySAK/src/tsk_xml.h; sourceTree = SOURCE_ROOT; };
		EC6C55EC10EDE65C000E1B18 /* test */ = {isa = PBXFileReference; explicitFileType = "compiled.mach-o.executable"; includeInIndex = 0; path = test; sourceTree = BUILT_PRODUCTS_DIR; };
		EC6C55F610EDE6E1000E1B18 /* stdafx.c */ = {isa = PBXFileReference; fileEncoding = 4; lastKnownFileType = sourcecode.c.c; name = stdafx.c; path = ../../tinySAK/test/stdafx.c; sourceTree = SOURCE_ROOT; };
		EC6C55F710EDE6E1000E1B18 /* stdafx.h */ = {isa = PBXFileReference; fileEncoding = 4; lastKnownFileType = sourcecode.c.h; name = stdafx.h; path = ../../tinySAK/test/stdafx.h; sourceTree = SOURCE_ROOT; };
		EC6C55F810EDE6E1000E1B18 /* targetver.h */ = {isa = PBXFileReference; fileEncoding = 4; lastKnownFileType = sourcecode.c.h; name = targetver.h; path = ../../tinySAK/test/targetver.h; sourceTree = SOURCE_ROOT; };
		EC6C55F910EDE6E1000E1B18 /* test.c */ = {isa = PBXFileReference; fileEncoding = 4; lastKnownFileType = sourcecode.c.c; name = test.c; path = ../../tinySAK/test/test.c; sourceTree = SOURCE_ROOT; };
		EC6C55FA10EDE6E1000E1B18 /* test_base64.h */ = {isa = PBXFileReference; fileEncoding = 4; lastKnownFileType = sourcecode.c.h; name = test_base64.h; path = ../../tinySAK/test/test_base64.h; sourceTree = SOURCE_ROOT; };
		EC6C55FB10EDE6E1000E1B18 /* test_buffer.h */ = {isa = PBXFileReference; fileEncoding = 4; lastKnownFileType = sourcecode.c.h; name = test_buffer.h; path = ../../tinySAK/test/test_buffer.h; sourceTree = SOURCE_ROOT; };
		EC6C55FC10EDE6E1000E1B18 /* test_condwait.h */ = {isa = PBXFileReference; fileEncoding = 4; lastKnownFileType = sourcecode.c.h; name = test_condwait.h; path = ../../tinySAK/test/test_condwait.h; sourceTree = SOURCE_ROOT; };
		EC6C55FD10EDE6E1000E1B18 /* test_heap.h */ = {isa = PBXFileReference; fileEncoding = 4; lastKnownFileType = sourcecode.c.h; name = test_heap.h; path = ../../tinySAK/test/test_heap.h; sourceTree = SOURCE_ROOT; };
		EC6C55FE10EDE6E1000E1B18 /* test_lists.h */ = {isa = PBXFileReference; fileEncoding = 4; lastKnownFileType = sourcecode.c.h; name = test_lists.h; path = ../../tinySAK/test/test_lists.h; sourceTree = SOURCE_ROOT; };
		EC6C55FF10EDE6E1000E1B18 /* test_md5.h */ = {isa = PBXFileReference; fileEncoding = 4; lastKnownFileType = sourcecode.c.h; name = test_md5.h; path = ../../tinySAK/test/test_md5.h; sourceTree = SOURCE_ROOT; };
		EC6C560010EDE6E1000E1B18 /* test_mutex.h */ = {isa = PBXFileReference; fileEncoding = 4; lastKnownFileType = sourcecode.c.h; name = test_mutex.h; path = ../../tinySAK/test/test_mutex.h; sourceTree = SOURCE_ROOT; };
		EC6C560110EDE6E1000E1B18 /* test_object.h */ = {isa = PBXFileReference; fileEncoding = 4; lastKnownFileType = sourcecode.c.h; name = test_object.h; path = ../../tinySAK/test/test_object.h; sourceTree = SOURCE_ROOT; };
		EC6C560210EDE6E1000E1B18 /* test_params.h */ = {isa = PBXFileReference; fileEncoding = 4; lastKnownFileType = sourcecode.c.h; name = test_params.h; path = ../../tinySAK/test/test_params.h; sourceTree = SOURCE_ROOT; };
		EC6C560310EDE6E1000E1B18 /* test_runnable.h */ = {isa = PBXFileReference; fileEncoding = 4; lastKnownFileType = sourcecode.c.h; name = test_runnable.h; path = ../../tinySAK/test/test_runnable.h; sourceTree = SOURCE_ROOT; };
		EC6C560410EDE6E1000E1B18 /* test_safeobject.h */ = {isa = PBXFileReference; fileEncoding = 4; lastKnownFileType = sourcecode.c.h; name = test_safeobject.h; path = ../../tinySAK/test/test_safeobject.h; sourceTree = SOURCE_ROOT; };
		EC6C560510EDE6E1000E1B18 /* test_semaphore.h */ = {isa = PBXFileReference; fileEncoding = 4; lastKnownFileType = sourcecode.c.h; name = test_semaphore.h; path = ../../tinySAK/test/test_semaphore.h; sourceTree = SOURCE_ROOT; };
		EC6C560610EDE6E1000E1B18 /* test_sha1.h */ = {isa = PBXFileReference; fileEncoding = 4; lastKnownFileType = sourcecode.c.h; name = test_sha1.h; path = ../../tinySAK/test/test_sha1.h; sourceTree = SOURCE_ROOT; };
		EC6C560710EDE6E1000E1B18 /* test_strings.h */ = {isa = PBXFileReference; fileEncoding = 4; lastKnownFileType = sourcecode.c.h; name = test_strings.h; path = ../../tinySAK/test/test_strings.h; sourceTree = SOURCE_ROOT; };
		EC6C560810EDE6E1000E1B18 /* test_timer.h */ = {isa = PBXFileReference; fileEncoding = 4; lastKnownFileType = sourcecode.c.h; name = test_timer.h; path = ../../tinySAK/test/test_timer.h; sourceTree = SOURCE_ROOT; };
		EC6C560910EDE6E1000E1B18 /* test_url.h */ = {isa = PBXFileReference; fileEncoding = 4; lastKnownFileType = sourcecode.c.h; name = test_url.h; path = ../../tinySAK/test/test_url.h; sourceTree = SOURCE_ROOT; };
/* End PBXFileReference section */

/* Begin PBXFrameworksBuildPhase section */
		D289988505E68E00004EDB86 /* Frameworks */ = {
			isa = PBXFrameworksBuildPhase;
			buildActionMask = 2147483647;
			files = (
			);
			runOnlyForDeploymentPostprocessing = 0;
		};
		EC6C55EA10EDE65C000E1B18 /* Frameworks */ = {
			isa = PBXFrameworksBuildPhase;
			buildActionMask = 2147483647;
			files = (
				EC6C55F210EDE669000E1B18 /* libtinySAK.dylib in Frameworks */,
			);
			runOnlyForDeploymentPostprocessing = 0;
		};
/* End PBXFrameworksBuildPhase section */

/* Begin PBXGroup section */
		08FB7794FE84155DC02AAC07 /* tinySAK */ = {
			isa = PBXGroup;
			children = (
				EC6C560C10EDE6E9000E1B18 /* test */,
				EC6C557710EDE5AA000E1B18 /* include */,
				08FB7795FE84155DC02AAC07 /* source */,
				1AB674ADFE9D54B511CA2CBB /* Products */,
			);
			name = tinySAK;
			sourceTree = "<group>";
		};
		08FB7795FE84155DC02AAC07 /* source */ = {
			isa = PBXGroup;
			children = (
				EC6C559310EDE5EF000E1B18 /* tsk_mutex.c */,
				EC6C55A310EDE5EF000E1B18 /* tsk_string.c */,
				EC6C55A510EDE5EF000E1B18 /* tsk_thread.c */,
				EC6C55A710EDE5EF000E1B18 /* tsk_time.c */,
				EC6C55A910EDE5EF000E1B18 /* tsk_timer.c */,
				EC6C55AB10EDE5EF000E1B18 /* tsk_url.c */,
				EC6C55AD10EDE5EF000E1B18 /* tsk_xml.c */,
				EC6C558310EDE5EF000E1B18 /* tsk_condwait.c */,
				EC6C558510EDE5EF000E1B18 /* tsk_debug.c */,
				EC6C558810EDE5EF000E1B18 /* tsk_heap.c */,
				EC6C558A10EDE5EF000E1B18 /* tsk_hmac.c */,
				EC6C558C10EDE5EF000E1B18 /* tsk_list.c */,
				EC6C558F10EDE5EF000E1B18 /* tsk_md5.c */,
				EC6C559110EDE5EF000E1B18 /* tsk_memory.c */,
				EC6C559510EDE5EF000E1B18 /* tsk_object.c */,
				EC6C559710EDE5EF000E1B18 /* tsk_params.c */,
				EC6C559910EDE5EF000E1B18 /* tsk_ppfcs16.c */,
				EC6C559B10EDE5EF000E1B18 /* tsk_runnable.c */,
				EC6C559D10EDE5EF000E1B18 /* tsk_safeobj.c */,
				EC6C559F10EDE5EF000E1B18 /* tsk_semaphore.c */,
				EC6C55A110EDE5EF000E1B18 /* tsk_sha1.c */,
				EC6C557B10EDE5EF000E1B18 /* tsk.c */,
				EC6C557D10EDE5EF000E1B18 /* tsk_base64.c */,
				EC6C557F10EDE5EF000E1B18 /* tsk_binaryutils.c */,
				EC6C558110EDE5EF000E1B18 /* tsk_buffer.c */,
			);
			name = source;
			sourceTree = "<group>";
		};
		1AB674ADFE9D54B511CA2CBB /* Products */ = {
			isa = PBXGroup;
			children = (
				D2AAC0630554660B00DB518D /* libtinySAK.dylib */,
				EC6C55EC10EDE65C000E1B18 /* test */,
			);
			name = Products;
			sourceTree = "<group>";
		};
		EC6C557710EDE5AA000E1B18 /* include */ = {
			isa = PBXGroup;
			children = (
				EC6C557A10EDE5EF000E1B18 /* tinySAK_config.h */,
				EC6C557C10EDE5EF000E1B18 /* tsk.h */,
				EC6C557E10EDE5EF000E1B18 /* tsk_base64.h */,
				EC6C558010EDE5EF000E1B18 /* tsk_binaryutils.h */,
				EC6C558210EDE5EF000E1B18 /* tsk_buffer.h */,
				EC6C558410EDE5EF000E1B18 /* tsk_condwait.h */,
				EC6C558610EDE5EF000E1B18 /* tsk_debug.h */,
				EC6C558710EDE5EF000E1B18 /* tsk_errno.h */,
				EC6C558910EDE5EF000E1B18 /* tsk_heap.h */,
				EC6C558B10EDE5EF000E1B18 /* tsk_hmac.h */,
				EC6C558D10EDE5EF000E1B18 /* tsk_list.h */,
				EC6C558E10EDE5EF000E1B18 /* tsk_macros.h */,
				EC6C559010EDE5EF000E1B18 /* tsk_md5.h */,
				EC6C559210EDE5EF000E1B18 /* tsk_memory.h */,
				EC6C559410EDE5EF000E1B18 /* tsk_mutex.h */,
				EC6C559610EDE5EF000E1B18 /* tsk_object.h */,
				EC6C559810EDE5EF000E1B18 /* tsk_params.h */,
				EC6C559A10EDE5EF000E1B18 /* tsk_ppfcs16.h */,
				EC6C559C10EDE5EF000E1B18 /* tsk_runnable.h */,
				EC6C559E10EDE5EF000E1B18 /* tsk_safeobj.h */,
				EC6C55A010EDE5EF000E1B18 /* tsk_semaphore.h */,
				EC6C55A210EDE5EF000E1B18 /* tsk_sha1.h */,
				EC6C55A410EDE5EF000E1B18 /* tsk_string.h */,
				EC6C55A610EDE5EF000E1B18 /* tsk_thread.h */,
				EC6C55A810EDE5EF000E1B18 /* tsk_time.h */,
				EC6C55AA10EDE5EF000E1B18 /* tsk_timer.h */,
				EC6C55AC10EDE5EF000E1B18 /* tsk_url.h */,
				EC6C55AE10EDE5EF000E1B18 /* tsk_xml.h */,
			);
			name = include;
			sourceTree = "<group>";
		};
		EC6C560C10EDE6E9000E1B18 /* test */ = {
			isa = PBXGroup;
			children = (
				EC6C55F610EDE6E1000E1B18 /* stdafx.c */,
				EC6C55F710EDE6E1000E1B18 /* stdafx.h */,
				EC6C55F810EDE6E1000E1B18 /* targetver.h */,
				EC6C55F910EDE6E1000E1B18 /* test.c */,
				EC6C55FA10EDE6E1000E1B18 /* test_base64.h */,
				EC6C55FB10EDE6E1000E1B18 /* test_buffer.h */,
				EC6C55FC10EDE6E1000E1B18 /* test_condwait.h */,
				EC6C55FD10EDE6E1000E1B18 /* test_heap.h */,
				EC6C55FE10EDE6E1000E1B18 /* test_lists.h */,
				EC6C55FF10EDE6E1000E1B18 /* test_md5.h */,
				EC6C560010EDE6E1000E1B18 /* test_mutex.h */,
				EC6C560110EDE6E1000E1B18 /* test_object.h */,
				EC6C560210EDE6E1000E1B18 /* test_params.h */,
				EC6C560310EDE6E1000E1B18 /* test_runnable.h */,
				EC6C560410EDE6E1000E1B18 /* test_safeobject.h */,
				EC6C560510EDE6E1000E1B18 /* test_semaphore.h */,
				EC6C560610EDE6E1000E1B18 /* test_sha1.h */,
				EC6C560710EDE6E1000E1B18 /* test_strings.h */,
				EC6C560810EDE6E1000E1B18 /* test_timer.h */,
				EC6C560910EDE6E1000E1B18 /* test_url.h */,
			);
			name = test;
			sourceTree = "<group>";
		};
/* End PBXGroup section */

/* Begin PBXHeadersBuildPhase section */
		D2AAC0600554660B00DB518D /* Headers */ = {
			isa = PBXHeadersBuildPhase;
			buildActionMask = 2147483647;
			files = (
				EC6C55AF10EDE5EF000E1B18 /* tinySAK_config.h in Headers */,
				EC6C55B110EDE5EF000E1B18 /* tsk.h in Headers */,
				EC6C55B310EDE5EF000E1B18 /* tsk_base64.h in Headers */,
				EC6C55B510EDE5EF000E1B18 /* tsk_binaryutils.h in Headers */,
				EC6C55B710EDE5EF000E1B18 /* tsk_buffer.h in Headers */,
				EC6C55B910EDE5EF000E1B18 /* tsk_condwait.h in Headers */,
				EC6C55BB10EDE5EF000E1B18 /* tsk_debug.h in Headers */,
				EC6C55BC10EDE5EF000E1B18 /* tsk_errno.h in Headers */,
				EC6C55BE10EDE5EF000E1B18 /* tsk_heap.h in Headers */,
				EC6C55C010EDE5EF000E1B18 /* tsk_hmac.h in Headers */,
				EC6C55C210EDE5EF000E1B18 /* tsk_list.h in Headers */,
				EC6C55C310EDE5EF000E1B18 /* tsk_macros.h in Headers */,
				EC6C55C510EDE5EF000E1B18 /* tsk_md5.h in Headers */,
				EC6C55C710EDE5EF000E1B18 /* tsk_memory.h in Headers */,
				EC6C55C910EDE5EF000E1B18 /* tsk_mutex.h in Headers */,
				EC6C55CB10EDE5EF000E1B18 /* tsk_object.h in Headers */,
				EC6C55CD10EDE5EF000E1B18 /* tsk_params.h in Headers */,
				EC6C55CF10EDE5EF000E1B18 /* tsk_ppfcs16.h in Headers */,
				EC6C55D110EDE5EF000E1B18 /* tsk_runnable.h in Headers */,
				EC6C55D310EDE5EF000E1B18 /* tsk_safeobj.h in Headers */,
				EC6C55D510EDE5EF000E1B18 /* tsk_semaphore.h in Headers */,
				EC6C55D710EDE5EF000E1B18 /* tsk_sha1.h in Headers */,
				EC6C55D910EDE5EF000E1B18 /* tsk_string.h in Headers */,
				EC6C55DB10EDE5EF000E1B18 /* tsk_thread.h in Headers */,
				EC6C55DD10EDE5EF000E1B18 /* tsk_time.h in Headers */,
				EC6C55DF10EDE5EF000E1B18 /* tsk_timer.h in Headers */,
				EC6C55E110EDE5EF000E1B18 /* tsk_url.h in Headers */,
				EC6C55E310EDE5EF000E1B18 /* tsk_xml.h in Headers */,
			);
			runOnlyForDeploymentPostprocessing = 0;
		};
/* End PBXHeadersBuildPhase section */

/* Begin PBXNativeTarget section */
		D2AAC0620554660B00DB518D /* tinySAK */ = {
			isa = PBXNativeTarget;
			buildConfigurationList = 1DEB914A08733D8E0010E9CD /* Build configuration list for PBXNativeTarget "tinySAK" */;
			buildPhases = (
				D2AAC0600554660B00DB518D /* Headers */,
				D2AAC0610554660B00DB518D /* Sources */,
				D289988505E68E00004EDB86 /* Frameworks */,
			);
			buildRules = (
			);
			dependencies = (
			);
			name = tinySAK;
			productName = tinySAK;
			productReference = D2AAC0630554660B00DB518D /* libtinySAK.dylib */;
			productType = "com.apple.product-type.library.dynamic";
		};
		EC6C55EB10EDE65C000E1B18 /* test */ = {
			isa = PBXNativeTarget;
			buildConfigurationList = EC6C55F310EDE68F000E1B18 /* Build configuration list for PBXNativeTarget "test" */;
			buildPhases = (
				EC6C55E910EDE65C000E1B18 /* Sources */,
				EC6C55EA10EDE65C000E1B18 /* Frameworks */,
			);
			buildRules = (
			);
			dependencies = (
				EC6C55F110EDE664000E1B18 /* PBXTargetDependency */,
			);
			name = test;
			productName = test;
			productReference = EC6C55EC10EDE65C000E1B18 /* test */;
			productType = "com.apple.product-type.tool";
		};
/* End PBXNativeTarget section */

/* Begin PBXProject section */
		08FB7793FE84155DC02AAC07 /* Project object */ = {
			isa = PBXProject;
			buildConfigurationList = 1DEB914E08733D8E0010E9CD /* Build configuration list for PBXProject "tinySAK" */;
			compatibilityVersion = "Xcode 3.1";
			hasScannedForEncodings = 1;
			mainGroup = 08FB7794FE84155DC02AAC07 /* tinySAK */;
			projectDirPath = "";
			projectRoot = "";
			targets = (
				D2AAC0620554660B00DB518D /* tinySAK */,
				EC6C55EB10EDE65C000E1B18 /* test */,
			);
		};
/* End PBXProject section */

/* Begin PBXSourcesBuildPhase section */
		D2AAC0610554660B00DB518D /* Sources */ = {
			isa = PBXSourcesBuildPhase;
			buildActionMask = 2147483647;
			files = (
				EC6C55B010EDE5EF000E1B18 /* tsk.c in Sources */,
				EC6C55B210EDE5EF000E1B18 /* tsk_base64.c in Sources */,
				EC6C55B410EDE5EF000E1B18 /* tsk_binaryutils.c in Sources */,
				EC6C55B610EDE5EF000E1B18 /* tsk_buffer.c in Sources */,
				EC6C55B810EDE5EF000E1B18 /* tsk_condwait.c in Sources */,
				EC6C55BA10EDE5EF000E1B18 /* tsk_debug.c in Sources */,
				EC6C55BD10EDE5EF000E1B18 /* tsk_heap.c in Sources */,
				EC6C55BF10EDE5EF000E1B18 /* tsk_hmac.c in Sources */,
				EC6C55C110EDE5EF000E1B18 /* tsk_list.c in Sources */,
				EC6C55C410EDE5EF000E1B18 /* tsk_md5.c in Sources */,
				EC6C55C610EDE5EF000E1B18 /* tsk_memory.c in Sources */,
				EC6C55C810EDE5EF000E1B18 /* tsk_mutex.c in Sources */,
				EC6C55CA10EDE5EF000E1B18 /* tsk_object.c in Sources */,
				EC6C55CC10EDE5EF000E1B18 /* tsk_params.c in Sources */,
				EC6C55CE10EDE5EF000E1B18 /* tsk_ppfcs16.c in Sources */,
				EC6C55D010EDE5EF000E1B18 /* tsk_runnable.c in Sources */,
				EC6C55D210EDE5EF000E1B18 /* tsk_safeobj.c in Sources */,
				EC6C55D410EDE5EF000E1B18 /* tsk_semaphore.c in Sources */,
				EC6C55D610EDE5EF000E1B18 /* tsk_sha1.c in Sources */,
				EC6C55D810EDE5EF000E1B18 /* tsk_string.c in Sources */,
				EC6C55DA10EDE5EF000E1B18 /* tsk_thread.c in Sources */,
				EC6C55DC10EDE5EF000E1B18 /* tsk_time.c in Sources */,
				EC6C55DE10EDE5EF000E1B18 /* tsk_timer.c in Sources */,
				EC6C55E010EDE5EF000E1B18 /* tsk_url.c in Sources */,
				EC6C55E210EDE5EF000E1B18 /* tsk_xml.c in Sources */,
			);
			runOnlyForDeploymentPostprocessing = 0;
		};
		EC6C55E910EDE65C000E1B18 /* Sources */ = {
			isa = PBXSourcesBuildPhase;
			buildActionMask = 2147483647;
			files = (
				EC6C560A10EDE6E1000E1B18 /* stdafx.c in Sources */,
				EC6C563810EDEA69000E1B18 /* stdafx.h in Sources */,
				EC6C563910EDEA69000E1B18 /* targetver.h in Sources */,
				EC6C560B10EDE6E1000E1B18 /* test.c in Sources */,
				EC6C563A10EDEA69000E1B18 /* test_base64.h in Sources */,
				EC6C563B10EDEA69000E1B18 /* test_buffer.h in Sources */,
				EC6C563C10EDEA69000E1B18 /* test_condwait.h in Sources */,
				EC6C563D10EDEA69000E1B18 /* test_heap.h in Sources */,
				EC6C563E10EDEA69000E1B18 /* test_lists.h in Sources */,
				EC6C563F10EDEA69000E1B18 /* test_md5.h in Sources */,
				EC6C564010EDEA69000E1B18 /* test_mutex.h in Sources */,
				EC6C564110EDEA69000E1B18 /* test_object.h in Sources */,
				EC6C564210EDEA69000E1B18 /* test_params.h in Sources */,
				EC6C564310EDEA69000E1B18 /* test_runnable.h in Sources */,
				EC6C564410EDEA69000E1B18 /* test_safeobject.h in Sources */,
				EC6C564510EDEA69000E1B18 /* test_semaphore.h in Sources */,
				EC6C564610EDEA69000E1B18 /* test_sha1.h in Sources */,
				EC6C564710EDEA69000E1B18 /* test_strings.h in Sources */,
				EC6C564810EDEA69000E1B18 /* test_timer.h in Sources */,
				EC6C564910EDEA69000E1B18 /* test_url.h in Sources */,
			);
			runOnlyForDeploymentPostprocessing = 0;
		};
/* End PBXSourcesBuildPhase section */

/* Begin PBXTargetDependency section */
		EC6C55F110EDE664000E1B18 /* PBXTargetDependency */ = {
			isa = PBXTargetDependency;
			target = D2AAC0620554660B00DB518D /* tinySAK */;
			targetProxy = EC6C55F010EDE664000E1B18 /* PBXContainerItemProxy */;
		};
/* End PBXTargetDependency section */

/* Begin XCBuildConfiguration section */
		1DEB914B08733D8E0010E9CD /* Debug */ = {
			isa = XCBuildConfiguration;
			buildSettings = {
				ALWAYS_SEARCH_USER_PATHS = NO;
				COPY_PHASE_STRIP = NO;
				EXECUTABLE_PREFIX = lib;
				GCC_DYNAMIC_NO_PIC = NO;
				GCC_ENABLE_FIX_AND_CONTINUE = YES;
				GCC_MODEL_TUNING = G5;
				GCC_OPTIMIZATION_LEVEL = 0;
				INSTALL_PATH = /usr/local/lib;
				PRODUCT_NAME = tinySAK;
			};
			name = Debug;
		};
		1DEB914C08733D8E0010E9CD /* Release */ = {
			isa = XCBuildConfiguration;
			buildSettings = {
				ALWAYS_SEARCH_USER_PATHS = NO;
				DEBUG_INFORMATION_FORMAT = "dwarf-with-dsym";
				EXECUTABLE_PREFIX = lib;
				GCC_MODEL_TUNING = G5;
				INSTALL_PATH = /usr/local/lib;
				PRODUCT_NAME = tinySAK;
			};
			name = Release;
		};
		1DEB914F08733D8E0010E9CD /* Debug */ = {
			isa = XCBuildConfiguration;
			buildSettings = {
				ARCHS = "$(ARCHS_STANDARD_32_BIT)";
				GCC_C_LANGUAGE_STANDARD = c99;
				GCC_OPTIMIZATION_LEVEL = 0;
				GCC_WARN_ABOUT_RETURN_TYPE = YES;
				GCC_WARN_UNUSED_VARIABLE = YES;
				ONLY_ACTIVE_ARCH = YES;
				OTHER_CFLAGS = "-DTINYSAK_EXPORTS";
				PREBINDING = NO;
				SDKROOT = macosx10.5;
			};
			name = Debug;
		};
		1DEB915008733D8E0010E9CD /* Release */ = {
			isa = XCBuildConfiguration;
			buildSettings = {
				ARCHS = "$(ARCHS_STANDARD_32_BIT)";
				GCC_C_LANGUAGE_STANDARD = c99;
				GCC_WARN_ABOUT_RETURN_TYPE = YES;
				GCC_WARN_UNUSED_VARIABLE = YES;
				PREBINDING = NO;
				SDKROOT = macosx10.5;
			};
			name = Release;
		};
		EC6C55EE10EDE65D000E1B18 /* Debug */ = {
			isa = XCBuildConfiguration;
			buildSettings = {
				ALWAYS_SEARCH_USER_PATHS = NO;
				COPY_PHASE_STRIP = NO;
				GCC_DYNAMIC_NO_PIC = NO;
				GCC_ENABLE_FIX_AND_CONTINUE = YES;
				GCC_MODEL_TUNING = G5;
				GCC_OPTIMIZATION_LEVEL = 0;
				INSTALL_PATH = /usr/local/bin;
				PREBINDING = NO;
				PRODUCT_NAME = test;
			};
			name = Debug;
		};
		EC6C55EF10EDE65D000E1B18 /* Release */ = {
			isa = XCBuildConfiguration;
			buildSettings = {
				ALWAYS_SEARCH_USER_PATHS = NO;
				COPY_PHASE_STRIP = YES;
				DEBUG_INFORMATION_FORMAT = "dwarf-with-dsym";
				GCC_ENABLE_FIX_AND_CONTINUE = NO;
				GCC_MODEL_TUNING = G5;
				INSTALL_PATH = /usr/local/bin;
				PREBINDING = NO;
				PRODUCT_NAME = test;
				ZERO_LINK = NO;
			};
			name = Release;
		};
/* End XCBuildConfiguration section */

/* Begin XCConfigurationList section */
		1DEB914A08733D8E0010E9CD /* Build configuration list for PBXNativeTarget "tinySAK" */ = {
			isa = XCConfigurationList;
			buildConfigurations = (
				1DEB914B08733D8E0010E9CD /* Debug */,
				1DEB914C08733D8E0010E9CD /* Release */,
			);
			defaultConfigurationIsVisible = 0;
			defaultConfigurationName = Release;
		};
		1DEB914E08733D8E0010E9CD /* Build configuration list for PBXProject "tinySAK" */ = {
			isa = XCConfigurationList;
			buildConfigurations = (
				1DEB914F08733D8E0010E9CD /* Debug */,
				1DEB915008733D8E0010E9CD /* Release */,
			);
			defaultConfigurationIsVisible = 0;
			defaultConfigurationName = Release;
		};
		EC6C55F310EDE68F000E1B18 /* Build configuration list for PBXNativeTarget "test" */ = {
			isa = XCConfigurationList;
			buildConfigurations = (
				EC6C55EE10EDE65D000E1B18 /* Debug */,
				EC6C55EF10EDE65D000E1B18 /* Release */,
			);
			defaultConfigurationIsVisible = 0;
			defaultConfigurationName = Release;
		};
/* End XCConfigurationList section */
	};
	rootObject = 08FB7793FE84155DC02AAC07 /* Project object */;
}
