
Microsoft Visual Studio Solution File, Format Version 10.00
# Visual Studio 2008
Project("{8BC9CEB8-8B4A-11D0-8D11-00A0C91BC942}") = "tinySMS", "tinySMS.vcproj", "{9A3A5AF3-2333-4477-B880-7F901F9D8972}"
EndProject
Project("{8BC9CEB8-8B4A-11D0-8D11-00A0C91BC942}") = "tinySAK", "..\tinySAK\tinySAK.vcproj", "{6BC9B796-10C6-4CF7-A6E4-E2DACCDA84DA}"
EndProject
Project("{8BC9CEB8-8B4A-11D0-8D11-00A0C91BC942}") = "test", "test\test.vcproj", "{BD24A663-4018-41EC-A250-4A57CDD2F13B}"
EndProject
Global
	GlobalSection(SolutionConfigurationPlatforms) = preSolution
		Debug|Win32 = Debug|Win32
		Debug|Windows Mobile 5.0 Pocket PC SDK (ARMV4I) = Debug|Windows Mobile 5.0 Pocket PC SDK (ARMV4I)
		Release|Win32 = Release|Win32
		Release|Windows Mobile 5.0 Pocket PC SDK (ARMV4I) = Release|Windows Mobile 5.0 Pocket PC SDK (ARMV4I)
	EndGlobalSection
	GlobalSection(ProjectConfigurationPlatforms) = postSolution
		{9A3A5AF3-2333-4477-B880-7F901F9D8972}.Debug|Win32.ActiveCfg = Debug|Win32
		{9A3A5AF3-2333-4477-B880-7F901F9D8972}.Debug|Win32.Build.0 = Debug|Win32
		{9A3A5AF3-2333-4477-B880-7F901F9D8972}.Debug|Windows Mobile 5.0 Pocket PC SDK (ARMV4I).ActiveCfg = Debug|Win32
		{9A3A5AF3-2333-4477-B880-7F901F9D8972}.Release|Win32.ActiveCfg = Release|Win32
		{9A3A5AF3-2333-4477-B880-7F901F9D8972}.Release|Win32.Build.0 = Release|Win32
		{9A3A5AF3-2333-4477-B880-7F901F9D8972}.Release|Windows Mobile 5.0 Pocket PC SDK (ARMV4I).ActiveCfg = Release|Win32
		{6BC9B796-10C6-4CF7-A6E4-E2DACCDA84DA}.Debug|Win32.ActiveCfg = Debug|Win32
		{6BC9B796-10C6-4CF7-A6E4-E2DACCDA84DA}.Debug|Win32.Build.0 = Debug|Win32
		{6BC9B796-10C6-4CF7-A6E4-E2DACCDA84DA}.Debug|Windows Mobile 5.0 Pocket PC SDK (ARMV4I).ActiveCfg = Debug|Windows Mobile 5.0 Pocket PC SDK (ARMV4I)
		{6BC9B796-10C6-4CF7-A6E4-E2DACCDA84DA}.Debug|Windows Mobile 5.0 Pocket PC SDK (ARMV4I).Build.0 = Debug|Windows Mobile 5.0 Pocket PC SDK (ARMV4I)
		{6BC9B796-10C6-4CF7-A6E4-E2DACCDA84DA}.Debug|Windows Mobile 5.0 Pocket PC SDK (ARMV4I).Deploy.0 = Debug|Windows Mobile 5.0 Pocket PC SDK (ARMV4I)
		{6BC9B796-10C6-4CF7-A6E4-E2DACCDA84DA}.Release|Win32.ActiveCfg = Release|Win32
		{6BC9B796-10C6-4CF7-A6E4-E2DACCDA84DA}.Release|Win32.Build.0 = Release|Win32
		{6BC9B796-10C6-4CF7-A6E4-E2DACCDA84DA}.Release|Windows Mobile 5.0 Pocket PC SDK (ARMV4I).ActiveCfg = Release|Windows Mobile 5.0 Pocket PC SDK (ARMV4I)
		{6BC9B796-10C6-4CF7-A6E4-E2DACCDA84DA}.Release|Windows Mobile 5.0 Pocket PC SDK (ARMV4I).Build.0 = Release|Windows Mobile 5.0 Pocket PC SDK (ARMV4I)
		{6BC9B796-10C6-4CF7-A6E4-E2DACCDA84DA}.Release|Windows Mobile 5.0 Pocket PC SDK (ARMV4I).Deploy.0 = Release|Windows Mobile 5.0 Pocket PC SDK (ARMV4I)
		{BD24A663-4018-41EC-A250-4A57CDD2F13B}.Debug|Win32.ActiveCfg = Debug|Win32
		{BD24A663-4018-41EC-A250-4A57CDD2F13B}.Debug|Win32.Build.0 = Debug|Win32
		{BD24A663-4018-41EC-A250-4A57CDD2F13B}.Debug|Windows Mobile 5.0 Pocket PC SDK (ARMV4I).ActiveCfg = Debug|Win32
		{BD24A663-4018-41EC-A250-4A57CDD2F13B}.Release|Win32.ActiveCfg = Release|Win32
		{BD24A663-4018-41EC-A250-4A57CDD2F13B}.Release|Win32.Build.0 = Release|Win32
		{BD24A663-4018-41EC-A250-4A57CDD2F13B}.Release|Windows Mobile 5.0 Pocket PC SDK (ARMV4I).ActiveCfg = Release|Win32
	EndGlobalSection
	GlobalSection(SolutionProperties) = preSolution
		HideSolutionNode = FALSE
	EndGlobalSection
EndGlobal
