<?xml version="1.0" encoding="utf-8"?>
<Project ToolsVersion="4.0" xmlns="http://schemas.microsoft.com/developer/msbuild/2003">
  <ItemGroup>
    <Filter Include="Resource Files">
      <UniqueIdentifier>{67DA6AB6-F800-4c08-8B7A-83BB121AAD01}</UniqueIdentifier>
      <Extensions>rc;ico;cur;bmp;dlg;rc2;rct;bin;rgs;gif;jpg;jpeg;jpe;resx;tiff;tif;png;wav;mfcribbon-ms</Extensions>
    </Filter>
    <Filter Include="include">
      <UniqueIdentifier>{143487cc-1033-429c-b222-89f7cb4c2167}</UniqueIdentifier>
    </Filter>
    <Filter Include="src">
      <UniqueIdentifier>{7c383d7a-b088-4590-96db-0dd591683d6c}</UniqueIdentifier>
    </Filter>
    <Filter Include="include\Compressors">
      <UniqueIdentifier>{34e75bcd-00af-4dc3-8d0e-618269904e41}</UniqueIdentifier>
    </Filter>
    <Filter Include="include\Dictionaries">
      <UniqueIdentifier>{6e651f90-931e-40f7-a1ac-f73954d0a703}</UniqueIdentifier>
    </Filter>
    <Filter Include="include\SigCompLayer">
      <UniqueIdentifier>{48a334f9-b115-4a04-ba23-4bc9ffdc5279}</UniqueIdentifier>
    </Filter>
    <Filter Include="include\zlib">
      <UniqueIdentifier>{0d888b78-7e4d-4f4a-9a90-1287b08c4c22}</UniqueIdentifier>
    </Filter>
    <Filter Include="src\Compressors">
      <UniqueIdentifier>{124d42c8-d6f6-4858-8556-e3824c72eeb6}</UniqueIdentifier>
    </Filter>
    <Filter Include="src\Dictionaries">
      <UniqueIdentifier>{5d208235-8063-42f0-b84b-6a355b830aee}</UniqueIdentifier>
    </Filter>
    <Filter Include="src\zlib">
      <UniqueIdentifier>{6bc14be1-4658-4e46-bb83-cd6cb005b500}</UniqueIdentifier>
    </Filter>
    <Filter Include="src\SigCompLayer">
      <UniqueIdentifier>{a9353dd8-c3ef-4c3b-a5af-eca077aebb44}</UniqueIdentifier>
    </Filter>
  </ItemGroup>
  <ItemGroup>
    <ClCompile Include="..\src\tcomp_compressor_deflate.c">
      <Filter>src\Compressors</Filter>
    </ClCompile>
    <ClCompile Include="..\src\tcomp_compressor_dummy.c">
      <Filter>src\Compressors</Filter>
    </ClCompile>
    <ClCompile Include="..\src\tcomp_compressordata.c">
      <Filter>src\Compressors</Filter>
    </ClCompile>
    <ClCompile Include="..\src\tcomp_compressordisp.c">
      <Filter>src\Compressors</Filter>
    </ClCompile>
    <ClCompile Include="..\src\tcomp_decompressordisp.c">
      <Filter>src\Compressors</Filter>
    </ClCompile>
    <ClCompile Include="..\src\tcomp_deflatedata.c">
      <Filter>src\Compressors</Filter>
    </ClCompile>
    <ClCompile Include="..\src\tcomp_deflatedata.ghost.c">
      <Filter>src\Compressors</Filter>
    </ClCompile>
    <ClCompile Include="..\src\tcomp_deflatedata.zlib.c">
      <Filter>src\Compressors</Filter>
    </ClCompile>
    <ClCompile Include="..\src\adler32.c">
      <Filter>src\zlib</Filter>
    </ClCompile>
    <ClCompile Include="..\src\compress.c">
      <Filter>src\zlib</Filter>
    </ClCompile>
    <ClCompile Include="..\src\deflate.c">
      <Filter>src\zlib</Filter>
    </ClCompile>
    <ClCompile Include="..\src\trees.c">
      <Filter>src\zlib</Filter>
    </ClCompile>
    <ClCompile Include="..\src\zutil.c">
      <Filter>src\zlib</Filter>
    </ClCompile>
    <ClCompile Include="..\src\tcomp_dicts.c">
      <Filter>src\Dictionaries</Filter>
    </ClCompile>
    <ClCompile Include="..\src\tcomp_compartment.c">
      <Filter>src\SigCompLayer</Filter>
    </ClCompile>
    <ClCompile Include="..\src\tcomp_message.c">
      <Filter>src\SigCompLayer</Filter>
    </ClCompile>
    <ClCompile Include="..\src\tcomp_nackinfo.c">
      <Filter>src\SigCompLayer</Filter>
    </ClCompile>
    <ClCompile Include="..\src\tcomp_params.c">
      <Filter>src\SigCompLayer</Filter>
    </ClCompile>
    <ClCompile Include="..\src\tcomp_reqfeed.c">
      <Filter>src\SigCompLayer</Filter>
    </ClCompile>
    <ClCompile Include="..\src\tcomp_result.c">
      <Filter>src\SigCompLayer</Filter>
    </ClCompile>
    <ClCompile Include="..\src\tcomp_state.c">
      <Filter>src\SigCompLayer</Filter>
    </ClCompile>
    <ClCompile Include="..\src\tcomp_statehandler.c">
      <Filter>src\SigCompLayer</Filter>
    </ClCompile>
    <ClCompile Include="..\src\tcomp_udvm.bytecopy.c">
      <Filter>src\SigCompLayer</Filter>
    </ClCompile>
    <ClCompile Include="..\src\tcomp_udvm.c">
      <Filter>src\SigCompLayer</Filter>
    </ClCompile>
    <ClCompile Include="..\src\tcomp_udvm.instructions.c">
      <Filter>src\SigCompLayer</Filter>
    </ClCompile>
    <ClCompile Include="..\src\tcomp_udvm.nack.c">
      <Filter>src\SigCompLayer</Filter>
    </ClCompile>
    <ClCompile Include="..\src\tcomp_udvm.operands.c">
      <Filter>src\SigCompLayer</Filter>
    </ClCompile>
    <ClCompile Include="..\src\tcomp_udvm.statemanagment.c">
      <Filter>src\SigCompLayer</Filter>
    </ClCompile>
    <ClCompile Include="..\src\tcomp.c">
      <Filter>src</Filter>
    </ClCompile>
    <ClCompile Include="..\src\tcomp_buffer.c">
      <Filter>src</Filter>
    </ClCompile>
    <ClCompile Include="..\src\tcomp_manager.c">
      <Filter>src</Filter>
    </ClCompile>
  </ItemGroup>
  <ItemGroup>
    <ClInclude Include="..\src\tcomp_compressor.h">
      <Filter>include\Compressors</Filter>
    </ClInclude>
    <ClInclude Include="..\src\tcomp_compressor_deflate.h">
      <Filter>include\Compressors</Filter>
    </ClInclude>
    <ClInclude Include="..\src\tcomp_compressor_dummy.h">
      <Filter>include\Compressors</Filter>
    </ClInclude>
    <ClInclude Include="..\src\tcomp_compressordata.h">
      <Filter>include\Compressors</Filter>
    </ClInclude>
    <ClInclude Include="..\src\tcomp_dicts.h">
      <Filter>include\Dictionaries</Filter>
    </ClInclude>
    <ClInclude Include="..\src\tcomp_rfc3485_dictionary_sip.h">
      <Filter>include\Dictionaries</Filter>
    </ClInclude>
    <ClInclude Include="..\src\tcomp_rfc5112_dictionary_presence.h">
      <Filter>include\Dictionaries</Filter>
    </ClInclude>
    <ClInclude Include="..\src\deflate.h">
      <Filter>include\zlib</Filter>
    </ClInclude>
    <ClInclude Include="..\src\trees.h">
      <Filter>include\zlib</Filter>
    </ClInclude>
    <ClInclude Include="..\src\zconf.h">
      <Filter>include\zlib</Filter>
    </ClInclude>
    <ClInclude Include="..\src\zlib.h">
      <Filter>include\zlib</Filter>
    </ClInclude>
    <ClInclude Include="..\src\zutil.h">
      <Filter>include\zlib</Filter>
    </ClInclude>
    <ClInclude Include="..\src\tcomp_compartment.h">
      <Filter>include\SigCompLayer</Filter>
    </ClInclude>
    <ClInclude Include="..\src\tcomp_message.h">
      <Filter>include\SigCompLayer</Filter>
    </ClInclude>
    <ClInclude Include="..\src\tcomp_nackinfo.h">
      <Filter>include\SigCompLayer</Filter>
    </ClInclude>
    <ClInclude Include="..\src\tcomp_params.h">
      <Filter>include\SigCompLayer</Filter>
    </ClInclude>
    <ClInclude Include="..\src\tcomp_reqfeed.h">
      <Filter>include\SigCompLayer</Filter>
    </ClInclude>
    <ClInclude Include="..\src\tcomp_result.h">
      <Filter>include\SigCompLayer</Filter>
    </ClInclude>
    <ClInclude Include="..\src\tcomp_state.h">
      <Filter>include\SigCompLayer</Filter>
    </ClInclude>
    <ClInclude Include="..\src\tcomp_statehandler.h">
      <Filter>include\SigCompLayer</Filter>
    </ClInclude>
    <ClInclude Include="..\src\tcomp_udvm.h">
      <Filter>include\SigCompLayer</Filter>
    </ClInclude>
    <ClInclude Include="..\src\tcomp.h">
      <Filter>include</Filter>
    </ClInclude>
    <ClInclude Include="..\src\tcomp_buffer.h">
      <Filter>include</Filter>
    </ClInclude>
    <ClInclude Include="..\src\tcomp_headers_index.h">
      <Filter>include</Filter>
    </ClInclude>
    <ClInclude Include="..\src\tcomp_instructions.h">
      <Filter>include</Filter>
    </ClInclude>
    <ClInclude Include="..\src\tcomp_manager.h">
      <Filter>include</Filter>
    </ClInclude>
    <ClInclude Include="..\src\tcomp_nack_codes.h">
      <Filter>include</Filter>
    </ClInclude>
    <ClInclude Include="..\src\tcomp_operands.h">
      <Filter>include</Filter>
    </ClInclude>
    <ClInclude Include="..\src\tcomp_rfc5049_sip.h">
      <Filter>include</Filter>
    </ClInclude>
    <ClInclude Include="..\src\tcomp_types.h">
      <Filter>include</Filter>
    </ClInclude>
    <ClInclude Include="..\src\tinysigcomp_config.h">
      <Filter>include</Filter>
    </ClInclude>
    <ClInclude Include="..\src\tcomp_deflatedata.h">
      <Filter>include\Compressors</Filter>
    </ClInclude>
    <ClInclude Include="..\src\tcomp_compressordisp.h">
      <Filter>include\SigCompLayer</Filter>
    </ClInclude>
    <ClInclude Include="..\src\tcomp_decompressordisp.h">
      <Filter>include\SigCompLayer</Filter>
    </ClInclude>
  </ItemGroup>
</Project>