
Microsoft Visual Studio Solution File, Format Version 10.00
# Visual Studio 2008
Project("{8BC9CEB8-8B4A-11D0-8D11-00A0C91BC942}") = "tinyROHC", "tinyROHC.vcproj", "{8D645E45-35C5-400A-860C-04D99C7B779D}"
EndProject
Global
	GlobalSection(SolutionConfigurationPlatforms) = preSolution
		Debug|Win32 = Debug|Win32
		Release|Win32 = Release|Win32
	EndGlobalSection
	GlobalSection(ProjectConfigurationPlatforms) = postSolution
		{8D645E45-35C5-400A-860C-04D99C7B779D}.Debug|Win32.ActiveCfg = Debug|Win32
		{8D645E45-35C5-400A-860C-04D99C7B779D}.Debug|Win32.Build.0 = Debug|Win32
		{8D645E45-35C5-400A-860C-04D99C7B779D}.Release|Win32.ActiveCfg = Release|Win32
		{8D645E45-35C5-400A-860C-04D99C7B779D}.Release|Win32.Build.0 = Release|Win32
	EndGlobalSection
	GlobalSection(SolutionProperties) = preSolution
		HideSolutionNode = FALSE
	EndGlobalSection
EndGlobal
