
Microsoft Visual Studio Solution File, Format Version 10.00
# Visual Studio 2008
Project("{FAE04EC0-301F-11D3-BF4B-00C04F79EFBC}") = "ipsec_app", "ipsec_app\ipsec_app.csproj", "{9765AEFD-D72A-4FB5-B840-D1021B41DD41}"
	ProjectSection(ProjectDependencies) = postProject
		{6BC9B796-10C6-4CF7-A6E4-E2DACCDA84DA} = {6BC9B796-10C6-4CF7-A6E4-E2DACCDA84DA}
		{F9B529B2-2AC2-4318-AD31-E7A9B195E204} = {F9B529B2-2AC2-4318-AD31-E7A9B195E204}
	EndProjectSection
EndProject
Project("{8BC9CEB8-8B4A-11D0-8D11-00A0C91BC942}") = "ipsec_lib", "ipsec_lib\ipsec_lib.vcproj", "{F9B529B2-2AC2-4318-AD31-E7A9B195E204}"
	ProjectSection(ProjectDependencies) = postProject
		{6BC9B796-10C6-4CF7-A6E4-E2DACCDA84DA} = {6BC9B796-10C6-4CF7-A6E4-E2DACCDA84DA}
	EndProjectSection
EndProject
Project("{8BC9CEB8-8B4A-11D0-8D11-00A0C91BC942}") = "tinySAK", "..\..\..\tinySAK\tinySAK.vcproj", "{6BC9B796-10C6-4CF7-A6E4-E2DACCDA84DA}"
EndProject
Project("{2150E333-8FDC-42A3-9474-1A3956D46DE8}") = "csharp", "csharp", "{0325B42D-C2ED-4313-ABB0-B317A2ADBAB9}"
EndProject
Project("{2150E333-8FDC-42A3-9474-1A3956D46DE8}") = "cpp", "cpp", "{AB8B1D7B-3776-463A-92F0-6D7236B75B99}"
EndProject
Global
	GlobalSection(SolutionConfigurationPlatforms) = preSolution
		Debug|Any CPU = Debug|Any CPU
		Debug|Mixed Platforms = Debug|Mixed Platforms
		Debug|Win32 = Debug|Win32
		Release|Any CPU = Release|Any CPU
		Release|Mixed Platforms = Release|Mixed Platforms
		Release|Win32 = Release|Win32
		Static_Debug|Any CPU = Static_Debug|Any CPU
		Static_Debug|Mixed Platforms = Static_Debug|Mixed Platforms
		Static_Debug|Win32 = Static_Debug|Win32
		Static_Release|Any CPU = Static_Release|Any CPU
		Static_Release|Mixed Platforms = Static_Release|Mixed Platforms
		Static_Release|Win32 = Static_Release|Win32
	EndGlobalSection
	GlobalSection(ProjectConfigurationPlatforms) = postSolution
		{9765AEFD-D72A-4FB5-B840-D1021B41DD41}.Debug|Any CPU.ActiveCfg = Debug|Any CPU
		{9765AEFD-D72A-4FB5-B840-D1021B41DD41}.Debug|Any CPU.Build.0 = Debug|Any CPU
		{9765AEFD-D72A-4FB5-B840-D1021B41DD41}.Debug|Mixed Platforms.ActiveCfg = Debug|Any CPU
		{9765AEFD-D72A-4FB5-B840-D1021B41DD41}.Debug|Mixed Platforms.Build.0 = Debug|Any CPU
		{9765AEFD-D72A-4FB5-B840-D1021B41DD41}.Debug|Win32.ActiveCfg = Debug|Any CPU
		{9765AEFD-D72A-4FB5-B840-D1021B41DD41}.Release|Any CPU.ActiveCfg = Release|Any CPU
		{9765AEFD-D72A-4FB5-B840-D1021B41DD41}.Release|Any CPU.Build.0 = Release|Any CPU
		{9765AEFD-D72A-4FB5-B840-D1021B41DD41}.Release|Mixed Platforms.ActiveCfg = Release|Any CPU
		{9765AEFD-D72A-4FB5-B840-D1021B41DD41}.Release|Mixed Platforms.Build.0 = Release|Any CPU
		{9765AEFD-D72A-4FB5-B840-D1021B41DD41}.Release|Win32.ActiveCfg = Release|Any CPU
		{9765AEFD-D72A-4FB5-B840-D1021B41DD41}.Static_Debug|Any CPU.ActiveCfg = Debug|Any CPU
		{9765AEFD-D72A-4FB5-B840-D1021B41DD41}.Static_Debug|Any CPU.Build.0 = Debug|Any CPU
		{9765AEFD-D72A-4FB5-B840-D1021B41DD41}.Static_Debug|Mixed Platforms.ActiveCfg = Debug|Any CPU
		{9765AEFD-D72A-4FB5-B840-D1021B41DD41}.Static_Debug|Mixed Platforms.Build.0 = Debug|Any CPU
		{9765AEFD-D72A-4FB5-B840-D1021B41DD41}.Static_Debug|Win32.ActiveCfg = Debug|Any CPU
		{9765AEFD-D72A-4FB5-B840-D1021B41DD41}.Static_Release|Any CPU.ActiveCfg = Release|Any CPU
		{9765AEFD-D72A-4FB5-B840-D1021B41DD41}.Static_Release|Any CPU.Build.0 = Release|Any CPU
		{9765AEFD-D72A-4FB5-B840-D1021B41DD41}.Static_Release|Mixed Platforms.ActiveCfg = Release|Any CPU
		{9765AEFD-D72A-4FB5-B840-D1021B41DD41}.Static_Release|Mixed Platforms.Build.0 = Release|Any CPU
		{9765AEFD-D72A-4FB5-B840-D1021B41DD41}.Static_Release|Win32.ActiveCfg = Release|Any CPU
		{F9B529B2-2AC2-4318-AD31-E7A9B195E204}.Debug|Any CPU.ActiveCfg = Debug|Win32
		{F9B529B2-2AC2-4318-AD31-E7A9B195E204}.Debug|Mixed Platforms.ActiveCfg = Debug|Win32
		{F9B529B2-2AC2-4318-AD31-E7A9B195E204}.Debug|Mixed Platforms.Build.0 = Debug|Win32
		{F9B529B2-2AC2-4318-AD31-E7A9B195E204}.Debug|Win32.ActiveCfg = Debug|Win32
		{F9B529B2-2AC2-4318-AD31-E7A9B195E204}.Debug|Win32.Build.0 = Debug|Win32
		{F9B529B2-2AC2-4318-AD31-E7A9B195E204}.Release|Any CPU.ActiveCfg = Release|Win32
		{F9B529B2-2AC2-4318-AD31-E7A9B195E204}.Release|Mixed Platforms.ActiveCfg = Release|Win32
		{F9B529B2-2AC2-4318-AD31-E7A9B195E204}.Release|Mixed Platforms.Build.0 = Release|Win32
		{F9B529B2-2AC2-4318-AD31-E7A9B195E204}.Release|Win32.ActiveCfg = Release|Win32
		{F9B529B2-2AC2-4318-AD31-E7A9B195E204}.Release|Win32.Build.0 = Release|Win32
		{F9B529B2-2AC2-4318-AD31-E7A9B195E204}.Static_Debug|Any CPU.ActiveCfg = Debug|Win32
		{F9B529B2-2AC2-4318-AD31-E7A9B195E204}.Static_Debug|Mixed Platforms.ActiveCfg = Debug|Win32
		{F9B529B2-2AC2-4318-AD31-E7A9B195E204}.Static_Debug|Mixed Platforms.Build.0 = Debug|Win32
		{F9B529B2-2AC2-4318-AD31-E7A9B195E204}.Static_Debug|Win32.ActiveCfg = Debug|Win32
		{F9B529B2-2AC2-4318-AD31-E7A9B195E204}.Static_Debug|Win32.Build.0 = Debug|Win32
		{F9B529B2-2AC2-4318-AD31-E7A9B195E204}.Static_Release|Any CPU.ActiveCfg = Release|Win32
		{F9B529B2-2AC2-4318-AD31-E7A9B195E204}.Static_Release|Mixed Platforms.ActiveCfg = Release|Win32
		{F9B529B2-2AC2-4318-AD31-E7A9B195E204}.Static_Release|Mixed Platforms.Build.0 = Release|Win32
		{F9B529B2-2AC2-4318-AD31-E7A9B195E204}.Static_Release|Win32.ActiveCfg = Release|Win32
		{F9B529B2-2AC2-4318-AD31-E7A9B195E204}.Static_Release|Win32.Build.0 = Release|Win32
		{6BC9B796-10C6-4CF7-A6E4-E2DACCDA84DA}.Debug|Any CPU.ActiveCfg = Debug|Win32
		{6BC9B796-10C6-4CF7-A6E4-E2DACCDA84DA}.Debug|Mixed Platforms.ActiveCfg = Debug|Win32
		{6BC9B796-10C6-4CF7-A6E4-E2DACCDA84DA}.Debug|Mixed Platforms.Build.0 = Debug|Win32
		{6BC9B796-10C6-4CF7-A6E4-E2DACCDA84DA}.Debug|Win32.ActiveCfg = Debug|Win32
		{6BC9B796-10C6-4CF7-A6E4-E2DACCDA84DA}.Debug|Win32.Build.0 = Debug|Win32
		{6BC9B796-10C6-4CF7-A6E4-E2DACCDA84DA}.Release|Any CPU.ActiveCfg = Release|Win32
		{6BC9B796-10C6-4CF7-A6E4-E2DACCDA84DA}.Release|Mixed Platforms.ActiveCfg = Release|Win32
		{6BC9B796-10C6-4CF7-A6E4-E2DACCDA84DA}.Release|Mixed Platforms.Build.0 = Release|Win32
		{6BC9B796-10C6-4CF7-A6E4-E2DACCDA84DA}.Release|Win32.ActiveCfg = Release|Win32
		{6BC9B796-10C6-4CF7-A6E4-E2DACCDA84DA}.Release|Win32.Build.0 = Release|Win32
		{6BC9B796-10C6-4CF7-A6E4-E2DACCDA84DA}.Static_Debug|Any CPU.ActiveCfg = Static_Debug|Win32
		{6BC9B796-10C6-4CF7-A6E4-E2DACCDA84DA}.Static_Debug|Mixed Platforms.ActiveCfg = Static_Debug|Win32
		{6BC9B796-10C6-4CF7-A6E4-E2DACCDA84DA}.Static_Debug|Mixed Platforms.Build.0 = Static_Debug|Win32
		{6BC9B796-10C6-4CF7-A6E4-E2DACCDA84DA}.Static_Debug|Win32.ActiveCfg = Static_Debug|Win32
		{6BC9B796-10C6-4CF7-A6E4-E2DACCDA84DA}.Static_Debug|Win32.Build.0 = Static_Debug|Win32
		{6BC9B796-10C6-4CF7-A6E4-E2DACCDA84DA}.Static_Release|Any CPU.ActiveCfg = Static_Release|Win32
		{6BC9B796-10C6-4CF7-A6E4-E2DACCDA84DA}.Static_Release|Mixed Platforms.ActiveCfg = Static_Release|Win32
		{6BC9B796-10C6-4CF7-A6E4-E2DACCDA84DA}.Static_Release|Mixed Platforms.Build.0 = Static_Release|Win32
		{6BC9B796-10C6-4CF7-A6E4-E2DACCDA84DA}.Static_Release|Win32.ActiveCfg = Static_Release|Win32
		{6BC9B796-10C6-4CF7-A6E4-E2DACCDA84DA}.Static_Release|Win32.Build.0 = Static_Release|Win32
	EndGlobalSection
	GlobalSection(SolutionProperties) = preSolution
		HideSolutionNode = FALSE
	EndGlobalSection
	GlobalSection(NestedProjects) = preSolution
		{9765AEFD-D72A-4FB5-B840-D1021B41DD41} = {0325B42D-C2ED-4313-ABB0-B317A2ADBAB9}
		{F9B529B2-2AC2-4318-AD31-E7A9B195E204} = {AB8B1D7B-3776-463A-92F0-6D7236B75B99}
		{6BC9B796-10C6-4CF7-A6E4-E2DACCDA84DA} = {AB8B1D7B-3776-463A-92F0-6D7236B75B99}
	EndGlobalSection
EndGlobal
