
Microsoft Visual Studio Solution File, Format Version 12.00
# Visual Studio Express 2012 for Windows Phone
Project("{8BC9CEB8-8B4A-11D0-8D11-00A0C91BC942}") = "tinySDP", "tinySDP.vcxproj", "{982D737A-0649-4C32-A00E-08992A0B7673}"
	ProjectSection(ProjectDependencies) = postProject
		{19279F5B-CDAF-4187-9F09-2A896A828B05} = {19279F5B-CDAF-4187-9F09-2A896A828B05}
	EndProjectSection
EndProject
Project("{8BC9CEB8-8B4A-11D0-8D11-00A0C91BC942}") = "tinySAK", "..\..\tinySAK\winrt\tinySAK.vcxproj", "{19279F5B-CDAF-4187-9F09-2A896A828B05}"
EndProject
Global
	GlobalSection(SolutionConfigurationPlatforms) = preSolution
		Debug|ARM = Debug|ARM
		Debug|Win32 = Debug|Win32
		Release|ARM = Release|ARM
		Release|Win32 = Release|Win32
	EndGlobalSection
	GlobalSection(ProjectConfigurationPlatforms) = postSolution
		{982D737A-0649-4C32-A00E-08992A0B7673}.Debug|ARM.ActiveCfg = Debug|ARM
		{982D737A-0649-4C32-A00E-08992A0B7673}.Debug|ARM.Build.0 = Debug|ARM
		{982D737A-0649-4C32-A00E-08992A0B7673}.Debug|Win32.ActiveCfg = Debug|Win32
		{982D737A-0649-4C32-A00E-08992A0B7673}.Debug|Win32.Build.0 = Debug|Win32
		{982D737A-0649-4C32-A00E-08992A0B7673}.Release|ARM.ActiveCfg = Release|ARM
		{982D737A-0649-4C32-A00E-08992A0B7673}.Release|ARM.Build.0 = Release|ARM
		{982D737A-0649-4C32-A00E-08992A0B7673}.Release|Win32.ActiveCfg = Release|Win32
		{982D737A-0649-4C32-A00E-08992A0B7673}.Release|Win32.Build.0 = Release|Win32
		{19279F5B-CDAF-4187-9F09-2A896A828B05}.Debug|ARM.ActiveCfg = Debug|ARM
		{19279F5B-CDAF-4187-9F09-2A896A828B05}.Debug|ARM.Build.0 = Debug|ARM
		{19279F5B-CDAF-4187-9F09-2A896A828B05}.Debug|Win32.ActiveCfg = Debug|Win32
		{19279F5B-CDAF-4187-9F09-2A896A828B05}.Debug|Win32.Build.0 = Debug|Win32
		{19279F5B-CDAF-4187-9F09-2A896A828B05}.Release|ARM.ActiveCfg = Release|ARM
		{19279F5B-CDAF-4187-9F09-2A896A828B05}.Release|ARM.Build.0 = Release|ARM
		{19279F5B-CDAF-4187-9F09-2A896A828B05}.Release|Win32.ActiveCfg = Release|Win32
		{19279F5B-CDAF-4187-9F09-2A896A828B05}.Release|Win32.Build.0 = Release|Win32
	EndGlobalSection
	GlobalSection(SolutionProperties) = preSolution
		HideSolutionNode = FALSE
	EndGlobalSection
EndGlobal
