<?xml version="1.0" encoding="utf-8"?>
<Project ToolsVersion="4.0" xmlns="http://schemas.microsoft.com/developer/msbuild/2003">
  <ItemGroup>
    <Filter Include="Resource Files">
      <UniqueIdentifier>{67DA6AB6-F800-4c08-8B7A-83BB121AAD01}</UniqueIdentifier>
      <Extensions>rc;ico;cur;bmp;dlg;rc2;rct;bin;rgs;gif;jpg;jpeg;jpe;resx;tiff;tif;png;wav;mfcribbon-ms</Extensions>
    </Filter>
    <Filter Include="include">
      <UniqueIdentifier>{853b18fb-34e8-44f2-9a5b-0eade8e7858f}</UniqueIdentifier>
    </Filter>
    <Filter Include="src">
      <UniqueIdentifier>{7ef27753-df61-4d45-abbb-3f639acd2892}</UniqueIdentifier>
    </Filter>
    <Filter Include="include\tinymsrp">
      <UniqueIdentifier>{aabeec17-337d-475d-9cde-c17c139826e2}</UniqueIdentifier>
    </Filter>
    <Filter Include="include\tinymsrp\headers">
      <UniqueIdentifier>{813128d9-dd0b-46d9-a774-c98c92b6aa5d}</UniqueIdentifier>
    </Filter>
    <Filter Include="include\tinymsrp\parsers">
      <UniqueIdentifier>{21a9c2fb-9a88-4cab-a5c7-a44d2f0baad2}</UniqueIdentifier>
    </Filter>
    <Filter Include="include\tinymsrp\session">
      <UniqueIdentifier>{7d09c5c6-dd16-4909-a8c9-12aecddd4d3c}</UniqueIdentifier>
    </Filter>
    <Filter Include="src\headers">
      <UniqueIdentifier>{69800e5a-93d6-4382-98e1-b2289757b80c}</UniqueIdentifier>
    </Filter>
    <Filter Include="src\session">
      <UniqueIdentifier>{b8638ea1-2bce-4eeb-ae3e-ebefdc0e7ae5}</UniqueIdentifier>
    </Filter>
    <Filter Include="src\parsers">
      <UniqueIdentifier>{fbed83b7-4542-4c62-95cb-7d403f3834b1}</UniqueIdentifier>
    </Filter>
  </ItemGroup>
  <ItemGroup>
    <ClInclude Include="..\include\tinymsrp.h">
      <Filter>include</Filter>
    </ClInclude>
    <ClInclude Include="..\include\tinymsrp_config.h">
      <Filter>include</Filter>
    </ClInclude>
    <ClInclude Include="..\include\tmsrp.h">
      <Filter>include</Filter>
    </ClInclude>
    <ClInclude Include="..\include\tinymsrp\tmsrp_event.h">
      <Filter>include\tinymsrp</Filter>
    </ClInclude>
    <ClInclude Include="..\include\tinymsrp\tmsrp_message.h">
      <Filter>include\tinymsrp</Filter>
    </ClInclude>
    <ClInclude Include="..\include\tinymsrp\tmsrp_uri.h">
      <Filter>include\tinymsrp</Filter>
    </ClInclude>
    <ClInclude Include="..\include\tinymsrp\headers\tmsrp_header.h">
      <Filter>include\tinymsrp\headers</Filter>
    </ClInclude>
    <ClInclude Include="..\include\tinymsrp\headers\tmsrp_header_Authentication-Info.h">
      <Filter>include\tinymsrp\headers</Filter>
    </ClInclude>
    <ClInclude Include="..\include\tinymsrp\headers\tmsrp_header_Authorization.h">
      <Filter>include\tinymsrp\headers</Filter>
    </ClInclude>
    <ClInclude Include="..\include\tinymsrp\headers\tmsrp_header_Byte-Range.h">
      <Filter>include\tinymsrp\headers</Filter>
    </ClInclude>
    <ClInclude Include="..\include\tinymsrp\headers\tmsrp_header_Content-Type.h">
      <Filter>include\tinymsrp\headers</Filter>
    </ClInclude>
    <ClInclude Include="..\include\tinymsrp\headers\tmsrp_header_Dummy.h">
      <Filter>include\tinymsrp\headers</Filter>
    </ClInclude>
    <ClInclude Include="..\include\tinymsrp\headers\tmsrp_header_Expires.h">
      <Filter>include\tinymsrp\headers</Filter>
    </ClInclude>
    <ClInclude Include="..\include\tinymsrp\headers\tmsrp_header_Failure-Report.h">
      <Filter>include\tinymsrp\headers</Filter>
    </ClInclude>
    <ClInclude Include="..\include\tinymsrp\headers\tmsrp_header_From-Path.h">
      <Filter>include\tinymsrp\headers</Filter>
    </ClInclude>
    <ClInclude Include="..\include\tinymsrp\headers\tmsrp_header_Max-Expires.h">
      <Filter>include\tinymsrp\headers</Filter>
    </ClInclude>
    <ClInclude Include="..\include\tinymsrp\headers\tmsrp_header_Message-ID.h">
      <Filter>include\tinymsrp\headers</Filter>
    </ClInclude>
    <ClInclude Include="..\include\tinymsrp\headers\tmsrp_header_Min-Expires.h">
      <Filter>include\tinymsrp\headers</Filter>
    </ClInclude>
    <ClInclude Include="..\include\tinymsrp\headers\tmsrp_header_Status.h">
      <Filter>include\tinymsrp\headers</Filter>
    </ClInclude>
    <ClInclude Include="..\include\tinymsrp\headers\tmsrp_header_Success-Report.h">
      <Filter>include\tinymsrp\headers</Filter>
    </ClInclude>
    <ClInclude Include="..\include\tinymsrp\headers\tmsrp_header_To-Path.h">
      <Filter>include\tinymsrp\headers</Filter>
    </ClInclude>
    <ClInclude Include="..\include\tinymsrp\headers\tmsrp_header_Use-Path.h">
      <Filter>include\tinymsrp\headers</Filter>
    </ClInclude>
    <ClInclude Include="..\include\tinymsrp\headers\tmsrp_header_WWW-Authenticate.h">
      <Filter>include\tinymsrp\headers</Filter>
    </ClInclude>
    <ClInclude Include="..\include\tinymsrp\session\tmsrp_config.h">
      <Filter>include\tinymsrp\session</Filter>
    </ClInclude>
    <ClInclude Include="..\include\tinymsrp\session\tmsrp_data.h">
      <Filter>include\tinymsrp\session</Filter>
    </ClInclude>
    <ClInclude Include="..\include\tinymsrp\session\tmsrp_receiver.h">
      <Filter>include\tinymsrp\session</Filter>
    </ClInclude>
    <ClInclude Include="..\include\tinymsrp\session\tmsrp_sender.h">
      <Filter>include\tinymsrp\session</Filter>
    </ClInclude>
    <ClInclude Include="..\include\tinymsrp\parsers\tmsrp_parser_header.h">
      <Filter>include\tinymsrp\parsers</Filter>
    </ClInclude>
    <ClInclude Include="..\include\tinymsrp\parsers\tmsrp_parser_message.h">
      <Filter>include\tinymsrp\parsers</Filter>
    </ClInclude>
    <ClInclude Include="..\include\tinymsrp\parsers\tmsrp_parser_uri.h">
      <Filter>include\tinymsrp\parsers</Filter>
    </ClInclude>
  </ItemGroup>
  <ItemGroup>
    <ClCompile Include="..\src\tmsrp.c">
      <Filter>src</Filter>
    </ClCompile>
    <ClCompile Include="..\src\tmsrp_event.c">
      <Filter>src</Filter>
    </ClCompile>
    <ClCompile Include="..\src\tmsrp_message.c">
      <Filter>src</Filter>
    </ClCompile>
    <ClCompile Include="..\src\tmsrp_uri.c">
      <Filter>src</Filter>
    </ClCompile>
    <ClCompile Include="..\src\headers\tmsrp_header.c">
      <Filter>src\headers</Filter>
    </ClCompile>
    <ClCompile Include="..\src\headers\tmsrp_header_Authentication-Info.c">
      <Filter>src\headers</Filter>
    </ClCompile>
    <ClCompile Include="..\src\headers\tmsrp_header_Authorization.c">
      <Filter>src\headers</Filter>
    </ClCompile>
    <ClCompile Include="..\src\headers\tmsrp_header_Byte-Range.c">
      <Filter>src\headers</Filter>
    </ClCompile>
    <ClCompile Include="..\src\headers\tmsrp_header_Content-Type.c">
      <Filter>src\headers</Filter>
    </ClCompile>
    <ClCompile Include="..\src\headers\tmsrp_header_Dummy.c">
      <Filter>src\headers</Filter>
    </ClCompile>
    <ClCompile Include="..\src\headers\tmsrp_header_Expires.c">
      <Filter>src\headers</Filter>
    </ClCompile>
    <ClCompile Include="..\src\headers\tmsrp_header_Failure-Report.c">
      <Filter>src\headers</Filter>
    </ClCompile>
    <ClCompile Include="..\src\headers\tmsrp_header_From-Path.c">
      <Filter>src\headers</Filter>
    </ClCompile>
    <ClCompile Include="..\src\headers\tmsrp_header_Max-Expires.c">
      <Filter>src\headers</Filter>
    </ClCompile>
    <ClCompile Include="..\src\headers\tmsrp_header_Message-ID.c">
      <Filter>src\headers</Filter>
    </ClCompile>
    <ClCompile Include="..\src\headers\tmsrp_header_Min-Expires.c">
      <Filter>src\headers</Filter>
    </ClCompile>
    <ClCompile Include="..\src\headers\tmsrp_header_Status.c">
      <Filter>src\headers</Filter>
    </ClCompile>
    <ClCompile Include="..\src\headers\tmsrp_header_Success-Report.c">
      <Filter>src\headers</Filter>
    </ClCompile>
    <ClCompile Include="..\src\headers\tmsrp_header_To-Path.c">
      <Filter>src\headers</Filter>
    </ClCompile>
    <ClCompile Include="..\src\headers\tmsrp_header_Use-Path.c">
      <Filter>src\headers</Filter>
    </ClCompile>
    <ClCompile Include="..\src\headers\tmsrp_header_WWW-Authenticate.c">
      <Filter>src\headers</Filter>
    </ClCompile>
    <ClCompile Include="..\src\parsers\tmsrp_parser_message.c">
      <Filter>src\parsers</Filter>
    </ClCompile>
    <ClCompile Include="..\src\parsers\tmsrp_parser_uri.c">
      <Filter>src\parsers</Filter>
    </ClCompile>
    <ClCompile Include="..\src\session\tmsrp_config.c">
      <Filter>src\session</Filter>
    </ClCompile>
    <ClCompile Include="..\src\session\tmsrp_data.c">
      <Filter>src\session</Filter>
    </ClCompile>
    <ClCompile Include="..\src\session\tmsrp_receiver.c">
      <Filter>src\session</Filter>
    </ClCompile>
    <ClCompile Include="..\src\session\tmsrp_sender.c">
      <Filter>src\session</Filter>
    </ClCompile>
  </ItemGroup>
</Project>